// !$*UTF8*$!
{
	archiveVersion = 1;
	classes = {
	};
	objectVersion = 55;
	objects = {

/* Begin PBXBuildFile section */
		EF9DA9B528BCA0C9008AA02C /* AppDelegate.swift in Sources */ = {isa = PBXBuildFile; fileRef = EF9DA9B428BCA0C9008AA02C /* AppDelegate.swift */; };
		EF9DA9B728BCA0C9008AA02C /* GameScene.sks in Resources */ = {isa = PBXBuildFile; fileRef = EF9DA9B628BCA0C9008AA02C /* GameScene.sks */; };
		EF9DA9BB28BCA0C9008AA02C /* GameScene.swift in Sources */ = {isa = PBXBuildFile; fileRef = EF9DA9BA28BCA0C9008AA02C /* GameScene.swift */; };
		EF9DA9BD28BCA0C9008AA02C /* GameViewController.swift in Sources */ = {isa = PBXBuildFile; fileRef = EF9DA9BC28BCA0C9008AA02C /* GameViewController.swift */; };
		EF9DA9C028BCA0C9008AA02C /* Main.storyboard in Resources */ = {isa = PBXBuildFile; fileRef = EF9DA9BE28BCA0C9008AA02C /* Main.storyboard */; };
		EF9DA9C228BCA0CE008AA02C /* Assets.xcassets in Resources */ = {isa = PBXBuildFile; fileRef = EF9DA9C128BCA0CE008AA02C /* Assets.xcassets */; };
		EF9DA9C528BCA0CE008AA02C /* LaunchScreen.storyboard in Resources */ = {isa = PBXBuildFile; fileRef = EF9DA9C328BCA0CE008AA02C /* LaunchScreen.storyboard */; };
		EF9DA9D328BCA38F008AA02C /* PlayerExplosion.sks in Resources */ = {isa = PBXBuildFile; fileRef = EF9DA9CD28BCA38F008AA02C /* PlayerExplosion.sks */; };
		EF9DA9D428BCA38F008AA02C /* coin.wav in Resources */ = {isa = PBXBuildFile; fileRef = EF9DA9CE28BCA38F008AA02C /* coin.wav */; };
		EF9DA9D528BCA38F008AA02C /* music.m4a in Resources */ = {isa = PBXBuildFile; fileRef = EF9DA9CF28BCA38F008AA02C /* music.m4a */; };
		EF9DA9D628BCA38F008AA02C /* README.txt in Resources */ = {isa = PBXBuildFile; fileRef = EF9DA9D028BCA38F008AA02C /* README.txt */; };
		EF9DA9D728BCA38F008AA02C /* explosion.wav in Resources */ = {isa = PBXBuildFile; fileRef = EF9DA9D128BCA38F008AA02C /* explosion.wav */; };
		EF9DA9D828BCA38F008AA02C /* spark.png in Resources */ = {isa = PBXBuildFile; fileRef = EF9DA9D228BCA38F008AA02C /* spark.png */; };
/* End PBXBuildFile section */

/* Begin PBXFileReference section */
		EF9DA9B128BCA0C9008AA02C /* Project36.app */ = {isa = PBXFileReference; explicitFileType = wrapper.application; includeInIndex = 0; path = Project36.app; sourceTree = BUILT_PRODUCTS_DIR; };
		EF9DA9B428BCA0C9008AA02C /* AppDelegate.swift */ = {isa = PBXFileReference; lastKnownFileType = sourcecode.swift; path = AppDelegate.swift; sourceTree = "<group>"; };
		EF9DA9B628BCA0C9008AA02C /* GameScene.sks */ = {isa = PBXFileReference; lastKnownFileType = file.sks; path = GameScene.sks; sourceTree = "<group>"; };
		EF9DA9BA28BCA0C9008AA02C /* GameScene.swift */ = {isa = PBXFileReference; lastKnownFileType = sourcecode.swift; path = GameScene.swift; sourceTree = "<group>"; };
		EF9DA9BC28BCA0C9008AA02C /* GameViewController.swift */ = {isa = PBXFileReference; lastKnownFileType = sourcecode.swift; path = GameViewController.swift; sourceTree = "<group>"; };
		EF9DA9BF28BCA0C9008AA02C /* Base */ = {isa = PBXFileReference; lastKnownFileType = file.storyboard; name = Base; path = Base.lproj/Main.storyboard; sourceTree = "<group>"; };
		EF9DA9C128BCA0CE008AA02C /* Assets.xcassets */ = {isa = PBXFileReference; lastKnownFileType = folder.assetcatalog; path = Assets.xcassets; sourceTree = "<group>"; };
		EF9DA9C428BCA0CE008AA02C /* Base */ = {isa = PBXFileReference; lastKnownFileType = file.storyboard; name = Base; path = Base.lproj/LaunchScreen.storyboard; sourceTree = "<group>"; };
		EF9DA9CD28BCA38F008AA02C /* PlayerExplosion.sks */ = {isa = PBXFileReference; lastKnownFileType = file.sks; path = PlayerExplosion.sks; sourceTree = "<group>"; };
		EF9DA9CE28BCA38F008AA02C /* coin.wav */ = {isa = PBXFileReference; lastKnownFileType = audio.wav; path = coin.wav; sourceTree = "<group>"; };
		EF9DA9CF28BCA38F008AA02C /* music.m4a */ = {isa = PBXFileReference; lastKnownFileType = file; path = music.m4a; sourceTree = "<group>"; };
		EF9DA9D028BCA38F008AA02C /* README.txt */ = {isa = PBXFileReference; fileEncoding = 4; lastKnownFileType = text; path = README.txt; sourceTree = "<group>"; };
		EF9DA9D128BCA38F008AA02C /* explosion.wav */ = {isa = PBXFileReference; lastKnownFileType = audio.wav; path = explosion.wav; sourceTree = "<group>"; };
		EF9DA9D228BCA38F008AA02C /* spark.png */ = {isa = PBXFileReference; lastKnownFileType = image.png; path = spark.png; sourceTree = "<group>"; };
/* End PBXFileReference section */

/* Begin PBXFrameworksBuildPhase section */
		EF9DA9AE28BCA0C9008AA02C /* Frameworks */ = {
			isa = PBXFrameworksBuildPhase;
			buildActionMask = 2147483647;
			files = (
			);
			runOnlyForDeploymentPostprocessing = 0;
		};
/* End PBXFrameworksBuildPhase section */

/* Begin PBXGroup section */
		EF9DA9A828BCA0C9008AA02C = {
			isa = PBXGroup;
			children = (
				EF9DA9B328BCA0C9008AA02C /* Project36 */,
				EF9DA9B228BCA0C9008AA02C /* Products */,
			);
			sourceTree = "<group>";
		};
		EF9DA9B228BCA0C9008AA02C /* Products */ = {
			isa = PBXGroup;
			children = (
				EF9DA9B128BCA0C9008AA02C /* Project36.app */,
			);
			name = Products;
			sourceTree = "<group>";
		};
		EF9DA9B328BCA0C9008AA02C /* Project36 */ = {
			isa = PBXGroup;
			children = (
				EF9DA9B428BCA0C9008AA02C /* AppDelegate.swift */,
				EF9DA9B628BCA0C9008AA02C /* GameScene.sks */,
				EF9DA9BA28BCA0C9008AA02C /* GameScene.swift */,
				EF9DA9BC28BCA0C9008AA02C /* GameViewController.swift */,
				EF9DA9BE28BCA0C9008AA02C /* Main.storyboard */,
				EF9DA9C128BCA0CE008AA02C /* Assets.xcassets */,
				EF9DA9C328BCA0CE008AA02C /* LaunchScreen.storyboard */,
				EF9DA9D928BCA39E008AA02C /* Content */,
			);
			path = Project36;
			sourceTree = "<group>";
		};
		EF9DA9D928BCA39E008AA02C /* Content */ = {
			isa = PBXGroup;
			children = (
				EF9DA9CE28BCA38F008AA02C /* coin.wav */,
				EF9DA9D128BCA38F008AA02C /* explosion.wav */,
				EF9DA9CF28BCA38F008AA02C /* music.m4a */,
				EF9DA9CD28BCA38F008AA02C /* PlayerExplosion.sks */,
				EF9DA9D028BCA38F008AA02C /* README.txt */,
				EF9DA9D228BCA38F008AA02C /* spark.png */,
			);
			path = Content;
			sourceTree = "<group>";
		};
/* End PBXGroup section */

/* Begin PBXNativeTarget section */
		EF9DA9B028BCA0C9008AA02C /* Project36 */ = {
			isa = PBXNativeTarget;
			buildConfigurationList = EF9DA9C828BCA0CE008AA02C /* Build configuration list for PBXNativeTarget "Project36" */;
			buildPhases = (
				EF9DA9AD28BCA0C9008AA02C /* Sources */,
				EF9DA9AE28BCA0C9008AA02C /* Frameworks */,
				EF9DA9AF28BCA0C9008AA02C /* Resources */,
			);
			buildRules = (
			);
			dependencies = (
			);
			name = Project36;
			productName = Project36;
			productReference = EF9DA9B128BCA0C9008AA02C /* Project36.app */;
			productType = "com.apple.product-type.application";
		};
/* End PBXNativeTarget section */

/* Begin PBXProject section */
		EF9DA9A928BCA0C9008AA02C /* Project object */ = {
			isa = PBXProject;
			attributes = {
				BuildIndependentTargetsInParallel = 1;
				LastSwiftUpdateCheck = 1330;
				LastUpgradeCheck = 1330;
				TargetAttributes = {
					EF9DA9B028BCA0C9008AA02C = {
						CreatedOnToolsVersion = 13.3;
					};
				};
			};
			buildConfigurationList = EF9DA9AC28BCA0C9008AA02C /* Build configuration list for PBXProject "Project36" */;
			compatibilityVersion = "Xcode 13.0";
			developmentRegion = en;
			hasScannedForEncodings = 0;
			knownRegions = (
				en,
				Base,
			);
			mainGroup = EF9DA9A828BCA0C9008AA02C;
			productRefGroup = EF9DA9B228BCA0C9008AA02C /* Products */;
			projectDirPath = "";
			projectRoot = "";
			targets = (
				EF9DA9B028BCA0C9008AA02C /* Project36 */,
			);
		};
/* End PBXProject section */

/* Begin PBXResourcesBuildPhase section */
		EF9DA9AF28BCA0C9008AA02C /* Resources */ = {
			isa = PBXResourcesBuildPhase;
			buildActionMask = 2147483647;
			files = (
				EF9DA9D728BCA38F008AA02C /* explosion.wav in Resources */,
				EF9DA9C028BCA0C9008AA02C /* Main.storyboard in Resources */,
				EF9DA9D528BCA38F008AA02C /* music.m4a in Resources */,
				EF9DA9B728BCA0C9008AA02C /* GameScene.sks in Resources */,
				EF9DA9C228BCA0CE008AA02C /* Assets.xcassets in Resources */,
				EF9DA9D828BCA38F008AA02C /* spark.png in Resources */,
				EF9DA9D428BCA38F008AA02C /* coin.wav in Resources */,
				EF9DA9D328BCA38F008AA02C /* PlayerExplosion.sks in Resources */,
				EF9DA9D628BCA38F008AA02C /* README.txt in Resources */,
				EF9DA9C528BCA0CE008AA02C /* LaunchScreen.storyboard in Resources */,
			);
			runOnlyForDeploymentPostprocessing = 0;
		};
/* End PBXResourcesBuildPhase section */

/* Begin PBXSourcesBuildPhase section */
		EF9DA9AD28BCA0C9008AA02C /* Sources */ = {
			isa = PBXSourcesBuildPhase;
			buildActionMask = 2147483647;
			files = (
				EF9DA9BB28BCA0C9008AA02C /* GameScene.swift in Sources */,
				EF9DA9BD28BCA0C9008AA02C /* GameViewController.swift in Sources */,
				EF9DA9B528BCA0C9008AA02C /* AppDelegate.swift in Sources */,
			);
			runOnlyForDeploymentPostprocessing = 0;
		};
/* End PBXSourcesBuildPhase section */

/* Begin PBXVariantGroup section */
		EF9DA9BE28BCA0C9008AA02C /* Main.storyboard */ = {
			isa = PBXVariantGroup;
			children = (
				EF9DA9BF28BCA0C9008AA02C /* Base */,
			);
			name = Main.storyboard;
			sourceTree = "<group>";
		};
		EF9DA9C328BCA0CE008AA02C /* LaunchScreen.storyboard */ = {
			isa = PBXVariantGroup;
			children = (
				EF9DA9C428BCA0CE008AA02C /* Base */,
			);
			name = LaunchScreen.storyboard;
			sourceTree = "<group>";
		};
/* End PBXVariantGroup section */

/* Begin XCBuildConfiguration section */
		EF9DA9C628BCA0CE008AA02C /* Debug */ = {
			isa = XCBuildConfiguration;
			buildSettings = {
				ALWAYS_SEARCH_USER_PATHS = NO;
				CLANG_ANALYZER_NONNULL = YES;
				CLANG_ANALYZER_NUMBER_OBJECT_CONVERSION = YES_AGGRESSIVE;
				CLANG_CXX_LANGUAGE_STANDARD = "gnu++17";
				CLANG_ENABLE_MODULES = YES;
				CLANG_ENABLE_OBJC_ARC = YES;
				CLANG_ENABLE_OBJC_WEAK = YES;
				CLANG_WARN_BLOCK_CAPTURE_AUTORELEASING = YES;
				CLANG_WARN_BOOL_CONVERSION = YES;
				CLANG_WARN_COMMA = YES;
				CLANG_WARN_CONSTANT_CONVERSION = YES;
				CLANG_WARN_DEPRECATED_OBJC_IMPLEMENTATIONS = YES;
				CLANG_WARN_DIRECT_OBJC_ISA_USAGE = YES_ERROR;
				CLANG_WARN_DOCUMENTATION_COMMENTS = YES;
				CLANG_WARN_EMPTY_BODY = YES;
				CLANG_WARN_ENUM_CONVERSION = YES;
				CLANG_WARN_INFINITE_RECURSION = YES;
				CLANG_WARN_INT_CONVERSION = YES;
				CLANG_WARN_NON_LITERAL_NULL_CONVERSION = YES;
				CLANG_WARN_OBJC_IMPLICIT_RETAIN_SELF = YES;
				CLANG_WARN_OBJC_LITERAL_CONVERSION = YES;
				CLANG_WARN_OBJC_ROOT_CLASS = YES_ERROR;
				CLANG_WARN_QUOTED_INCLUDE_IN_FRAMEWORK_HEADER = YES;
				CLANG_WARN_RANGE_LOOP_ANALYSIS = YES;
				CLANG_WARN_STRICT_PROTOTYPES = YES;
				CLANG_WARN_SUSPICIOUS_MOVE = YES;
				CLANG_WARN_UNGUARDED_AVAILABILITY = YES_AGGRESSIVE;
				CLANG_WARN_UNREACHABLE_CODE = YES;
				CLANG_WARN__DUPLICATE_METHOD_MATCH = YES;
				COPY_PHASE_STRIP = NO;
				DEBUG_INFORMATION_FORMAT = dwarf;
				ENABLE_STRICT_OBJC_MSGSEND = YES;
				ENABLE_TESTABILITY = YES;
				GCC_C_LANGUAGE_STANDARD = gnu11;
				GCC_DYNAMIC_NO_PIC = NO;
				GCC_NO_COMMON_BLOCKS = YES;
				GCC_OPTIMIZATION_LEVEL = 0;
				GCC_PREPROCESSOR_DEFINITIONS = (
					"DEBUG=1",
					"$(inherited)",
				);
				GCC_WARN_64_TO_32_BIT_CONVERSION = YES;
				GCC_WARN_ABOUT_RETURN_TYPE = YES_ERROR;
				GCC_WARN_UNDECLARED_SELECTOR = YES;
				GCC_WARN_UNINITIALIZED_AUTOS = YES_AGGRESSIVE;
				GCC_WARN_UNUSED_FUNCTION = YES;
				GCC_WARN_UNUSED_VARIABLE = YES;
				IPHONEOS_DEPLOYMENT_TARGET = 15.4;
				MTL_ENABLE_DEBUG_INFO = INCLUDE_SOURCE;
				MTL_FAST_MATH = YES;
				ONLY_ACTIVE_ARCH = YES;
				SDKROOT = iphoneos;
				SWIFT_ACTIVE_COMPILATION_CONDITIONS = DEBUG;
				SWIFT_OPTIMIZATION_LEVEL = "-Onone";
			};
			name = Debug;
		};
		EF9DA9C728BCA0CE008AA02C /* Release */ = {
			isa = XCBuildConfiguration;
			buildSettings = {
				ALWAYS_SEARCH_USER_PATHS = NO;
				CLANG_ANALYZER_NONNULL = YES;
				CLANG_ANALYZER_NUMBER_OBJECT_CONVERSION = YES_AGGRESSIVE;
				CLANG_CXX_LANGUAGE_STANDARD = "gnu++17";
				CLANG_ENABLE_MODULES = YES;
				CLANG_ENABLE_OBJC_ARC = YES;
				CLANG_ENABLE_OBJC_WEAK = YES;
				CLANG_WARN_BLOCK_CAPTURE_AUTORELEASING = YES;
				CLANG_WARN_BOOL_CONVERSION = YES;
				CLANG_WARN_COMMA = YES;
				CLANG_WARN_CONSTANT_CONVERSION = YES;
				CLANG_WARN_DEPRECATED_OBJC_IMPLEMENTATIONS = YES;
				CLANG_WARN_DIRECT_OBJC_ISA_USAGE = YES_ERROR;
				CLANG_WARN_DOCUMENTATION_COMMENTS = YES;
				CLANG_WARN_EMPTY_BODY = YES;
				CLANG_WARN_ENUM_CONVERSION = YES;
				CLANG_WARN_INFINITE_RECURSION = YES;
				CLANG_WARN_INT_CONVERSION = YES;
				CLANG_WARN_NON_LITERAL_NULL_CONVERSION = YES;
				CLANG_WARN_OBJC_IMPLICIT_RETAIN_SELF = YES;
				CLANG_WARN_OBJC_LITERAL_CONVERSION = YES;
				CLANG_WARN_OBJC_ROOT_CLASS = YES_ERROR;
				CLANG_WARN_QUOTED_INCLUDE_IN_FRAMEWORK_HEADER = YES;
				CLANG_WARN_RANGE_LOOP_ANALYSIS = YES;
				CLANG_WARN_STRICT_PROTOTYPES = YES;
				CLANG_WARN_SUSPICIOUS_MOVE = YES;
				CLANG_WARN_UNGUARDED_AVAILABILITY = YES_AGGRESSIVE;
				CLANG_WARN_UNREACHABLE_CODE = YES;
				CLANG_WARN__DUPLICATE_METHOD_MATCH = YES;
				COPY_PHASE_STRIP = NO;
				DEBUG_INFORMATION_FORMAT = "dwarf-with-dsym";
				ENABLE_NS_ASSERTIONS = NO;
				ENABLE_STRICT_OBJC_MSGSEND = YES;
				GCC_C_LANGUAGE_STANDARD = gnu11;
				GCC_NO_COMMON_BLOCKS = YES;
				GCC_WARN_64_TO_32_BIT_CONVERSION = YES;
				GCC_WARN_ABOUT_RETURN_TYPE = YES_ERROR;
				GCC_WARN_UNDECLARED_SELECTOR = YES;
				GCC_WARN_UNINITIALIZED_AUTOS = YES_AGGRESSIVE;
				GCC_WARN_UNUSED_FUNCTION = YES;
				GCC_WARN_UNUSED_VARIABLE = YES;
				IPHONEOS_DEPLOYMENT_TARGET = 15.4;
				MTL_ENABLE_DEBUG_INFO = NO;
				MTL_FAST_MATH = YES;
				SDKROOT = iphoneos;
				SWIFT_COMPILATION_MODE = wholemodule;
				SWIFT_OPTIMIZATION_LEVEL = "-O";
				VALIDATE_PRODUCT = YES;
			};
			name = Release;
		};
		EF9DA9C928BCA0CE008AA02C /* Debug */ = {
			isa = XCBuildConfiguration;
			buildSettings = {
				ASSETCATALOG_COMPILER_APPICON_NAME = AppIcon;
				ASSETCATALOG_COMPILER_GLOBAL_ACCENT_COLOR_NAME = AccentColor;
				CODE_SIGN_STYLE = Automatic;
				CURRENT_PROJECT_VERSION = 1;
				DEVELOPMENT_TEAM = 8683DU5JVT;
				GENERATE_INFOPLIST_FILE = YES;
				INFOPLIST_KEY_UIApplicationSupportsIndirectInputEvents = YES;
				INFOPLIST_KEY_UILaunchStoryboardName = LaunchScreen;
				INFOPLIST_KEY_UIMainStoryboardFile = Main;
				INFOPLIST_KEY_UIStatusBarHidden = YES;
				INFOPLIST_KEY_UISupportedInterfaceOrientations = UIInterfaceOrientationPortrait;
				INFOPLIST_KEY_UISupportedInterfaceOrientations_iPad = "UIInterfaceOrientationPortrait UIInterfaceOrientationPortraitUpsideDown UIInterfaceOrientationLandscapeLeft UIInterfaceOrientationLandscapeRight";
				INFOPLIST_KEY_UISupportedInterfaceOrientations_iPhone = "UIInterfaceOrientationPortrait UIInterfaceOrientationLandscapeLeft UIInterfaceOrientationLandscapeRight";
				LD_RUNPATH_SEARCH_PATHS = (
					"$(inherited)",
					"@executable_path/Frameworks",
				);
				MARKETING_VERSION = 1.0;
				PRODUCT_BUNDLE_IDENTIFIER = study.Project36;
				PRODUCT_NAME = "$(TARGET_NAME)";
				SWIFT_EMIT_LOC_STRINGS = YES;
				SWIFT_VERSION = 5.0;
				TARGETED_DEVICE_FAMILY = 1;
			};
			name = Debug;
		};
		EF9DA9CA28BCA0CE008AA02C /* Release */ = {
			isa = XCBuildConfiguration;
			buildSettings = {
				ASSETCATALOG_COMPILER_APPICON_NAME = AppIcon;
				ASSETCATALOG_COMPILER_GLOBAL_ACCENT_COLOR_NAME = AccentColor;
				CODE_SIGN_STYLE = Automatic;
				CURRENT_PROJECT_VERSION = 1;
				DEVELOPMENT_TEAM = 8683DU5JVT;
				GENERATE_INFOPLIST_FILE = YES;
				INFOPLIST_KEY_UIApplicationSupportsIndirectInputEvents = YES;
				INFOPLIST_KEY_UILaunchStoryboardName = LaunchScreen;
				INFOPLIST_KEY_UIMainStoryboardFile = Main;
				INFOPLIST_KEY_UIStatusBarHidden = YES;
				INFOPLIST_KEY_UISupportedInterfaceOrientations = UIInterfaceOrientationPortrait;
				INFOPLIST_KEY_UISupportedInterfaceOrientations_iPad = "UIInterfaceOrientationPortrait UIInterfaceOrientationPortraitUpsideDown UIInterfaceOrientationLandscapeLeft UIInterfaceOrientationLandscapeRight";
				INFOPLIST_KEY_UISupportedInterfaceOrientations_iPhone = "UIInterfaceOrientationPortrait UIInterfaceOrientationLandscapeLeft UIInterfaceOrientationLandscapeRight";
				LD_RUNPATH_SEARCH_PATHS = (
					"$(inherited)",
					"@executable_path/Frameworks",
				);
				MARKETING_VERSION = 1.0;
				PRODUCT_BUNDLE_IDENTIFIER = study.Project36;
				PRODUCT_NAME = "$(TARGET_NAME)";
				SWIFT_EMIT_LOC_STRINGS = YES;
				SWIFT_VERSION = 5.0;
				TARGETED_DEVICE_FAMILY = 1;
			};
			name = Release;
		};
/* End XCBuildConfiguration section */

/* Begin XCConfigurationList section */
		EF9DA9AC28BCA0C9008AA02C /* Build configuration list for PBXProject "Project36" */ = {
			isa = XCConfigurationList;
			buildConfigurations = (
				EF9DA9C628BCA0CE008AA02C /* Debug */,
				EF9DA9C728BCA0CE008AA02C /* Release */,
			);
			defaultConfigurationIsVisible = 0;
			defaultConfigurationName = Release;
		};
		EF9DA9C828BCA0CE008AA02C /* Build configuration list for PBXNativeTarget "Project36" */ = {
			isa = XCConfigurationList;
			buildConfigurations = (
				EF9DA9C928BCA0CE008AA02C /* Debug */,
				EF9DA9CA28BCA0CE008AA02C /* Release */,
			);
			defaultConfigurationIsVisible = 0;
			defaultConfigurationName = Release;
		};
/* End XCConfigurationList section */
	};
	rootObject = EF9DA9A928BCA0C9008AA02C /* Project object */;
}
