// !$*UTF8*$!
{
	archiveVersion = 1;
	classes = {
	};
	objectVersion = 55;
	objects = {

/* Begin PBXBuildFile section */
		EF1365BE285F24F300BEAE7C /* FireParticles.sks in Resources */ = {isa = PBXBuildFile; fileRef = EF1365BD285F24F200BEAE7C /* FireParticles.sks */; };
		EF1365D0285F3C2D00BEAE7C /* ballBlue@2x.png in Resources */ = {isa = PBXBuildFile; fileRef = EF1365C1285F3C2D00BEAE7C /* ballBlue@2x.png */; };
		EF1365D1285F3C2D00BEAE7C /* slotGlowBad@2x.png in Resources */ = {isa = PBXBuildFile; fileRef = EF1365C2285F3C2D00BEAE7C /* slotGlowBad@2x.png */; };
		EF1365D2285F3C2D00BEAE7C /* ballYellow@2x.png in Resources */ = {isa = PBXBuildFile; fileRef = EF1365C3285F3C2D00BEAE7C /* ballYellow@2x.png */; };
		EF1365D3285F3C2D00BEAE7C /* slotBaseGood@2x.png in Resources */ = {isa = PBXBuildFile; fileRef = EF1365C4285F3C2D00BEAE7C /* slotBaseGood@2x.png */; };
		EF1365D4285F3C2D00BEAE7C /* ballPurple@2x.png in Resources */ = {isa = PBXBuildFile; fileRef = EF1365C5285F3C2D00BEAE7C /* ballPurple@2x.png */; };
		EF1365D5285F3C2D00BEAE7C /* slotBaseBad@2x.png in Resources */ = {isa = PBXBuildFile; fileRef = EF1365C6285F3C2D00BEAE7C /* slotBaseBad@2x.png */; };
		EF1365D6285F3C2D00BEAE7C /* ballGrey@2x.png in Resources */ = {isa = PBXBuildFile; fileRef = EF1365C7285F3C2D00BEAE7C /* ballGrey@2x.png */; };
		EF1365D7285F3C2D00BEAE7C /* spark.png in Resources */ = {isa = PBXBuildFile; fileRef = EF1365C8285F3C2D00BEAE7C /* spark.png */; };
		EF1365D8285F3C2D00BEAE7C /* bouncer@2x.png in Resources */ = {isa = PBXBuildFile; fileRef = EF1365C9285F3C2D00BEAE7C /* bouncer@2x.png */; };
		EF1365D9285F3C2D00BEAE7C /* slotGlowGood@2x.png in Resources */ = {isa = PBXBuildFile; fileRef = EF1365CA285F3C2D00BEAE7C /* slotGlowGood@2x.png */; };
		EF1365DA285F3C2D00BEAE7C /* ballRed@2x.png in Resources */ = {isa = PBXBuildFile; fileRef = EF1365CB285F3C2D00BEAE7C /* ballRed@2x.png */; };
		EF1365DB285F3C2D00BEAE7C /* ballCyan@2x.png in Resources */ = {isa = PBXBuildFile; fileRef = EF1365CC285F3C2D00BEAE7C /* ballCyan@2x.png */; };
		EF1365DC285F3C2D00BEAE7C /* background@2x.jpg in Resources */ = {isa = PBXBuildFile; fileRef = EF1365CD285F3C2D00BEAE7C /* background@2x.jpg */; };
		EF1365DD285F3C2D00BEAE7C /* ballGreen@2x.png in Resources */ = {isa = PBXBuildFile; fileRef = EF1365CE285F3C2D00BEAE7C /* ballGreen@2x.png */; };
		EFE67439285E029300123DEB /* AppDelegate.swift in Sources */ = {isa = PBXBuildFile; fileRef = EFE67438285E029300123DEB /* AppDelegate.swift */; };
		EFE6743B285E029300123DEB /* GameScene.sks in Resources */ = {isa = PBXBuildFile; fileRef = EFE6743A285E029300123DEB /* GameScene.sks */; };
		EFE6743F285E029300123DEB /* GameScene.swift in Sources */ = {isa = PBXBuildFile; fileRef = EFE6743E285E029300123DEB /* GameScene.swift */; };
		EFE67441285E029300123DEB /* GameViewController.swift in Sources */ = {isa = PBXBuildFile; fileRef = EFE67440285E029300123DEB /* GameViewController.swift */; };
		EFE67444285E029300123DEB /* Main.storyboard in Resources */ = {isa = PBXBuildFile; fileRef = EFE67442285E029300123DEB /* Main.storyboard */; };
		EFE67446285E029500123DEB /* Assets.xcassets in Resources */ = {isa = PBXBuildFile; fileRef = EFE67445285E029500123DEB /* Assets.xcassets */; };
		EFE67449285E029500123DEB /* LaunchScreen.storyboard in Resources */ = {isa = PBXBuildFile; fileRef = EFE67447285E029500123DEB /* LaunchScreen.storyboard */; };
/* End PBXBuildFile section */

/* Begin PBXFileReference section */
		EF1365BD285F24F200BEAE7C /* FireParticles.sks */ = {isa = PBXFileReference; lastKnownFileType = file.sks; path = FireParticles.sks; sourceTree = "<group>"; };
		EF1365C1285F3C2D00BEAE7C /* ballBlue@2x.png */ = {isa = PBXFileReference; lastKnownFileType = image.png; path = "ballBlue@2x.png"; sourceTree = "<group>"; };
		EF1365C2285F3C2D00BEAE7C /* slotGlowBad@2x.png */ = {isa = PBXFileReference; lastKnownFileType = image.png; path = "slotGlowBad@2x.png"; sourceTree = "<group>"; };
		EF1365C3285F3C2D00BEAE7C /* ballYellow@2x.png */ = {isa = PBXFileReference; lastKnownFileType = image.png; path = "ballYellow@2x.png"; sourceTree = "<group>"; };
		EF1365C4285F3C2D00BEAE7C /* slotBaseGood@2x.png */ = {isa = PBXFileReference; lastKnownFileType = image.png; path = "slotBaseGood@2x.png"; sourceTree = "<group>"; };
		EF1365C5285F3C2D00BEAE7C /* ballPurple@2x.png */ = {isa = PBXFileReference; lastKnownFileType = image.png; path = "ballPurple@2x.png"; sourceTree = "<group>"; };
		EF1365C6285F3C2D00BEAE7C /* slotBaseBad@2x.png */ = {isa = PBXFileReference; lastKnownFileType = image.png; path = "slotBaseBad@2x.png"; sourceTree = "<group>"; };
		EF1365C7285F3C2D00BEAE7C /* ballGrey@2x.png */ = {isa = PBXFileReference; lastKnownFileType = image.png; path = "ballGrey@2x.png"; sourceTree = "<group>"; };
		EF1365C8285F3C2D00BEAE7C /* spark.png */ = {isa = PBXFileReference; lastKnownFileType = image.png; path = spark.png; sourceTree = "<group>"; };
		EF1365C9285F3C2D00BEAE7C /* bouncer@2x.png */ = {isa = PBXFileReference; lastKnownFileType = image.png; path = "bouncer@2x.png"; sourceTree = "<group>"; };
		EF1365CA285F3C2D00BEAE7C /* slotGlowGood@2x.png */ = {isa = PBXFileReference; lastKnownFileType = image.png; path = "slotGlowGood@2x.png"; sourceTree = "<group>"; };
		EF1365CB285F3C2D00BEAE7C /* ballRed@2x.png */ = {isa = PBXFileReference; lastKnownFileType = image.png; path = "ballRed@2x.png"; sourceTree = "<group>"; };
		EF1365CC285F3C2D00BEAE7C /* ballCyan@2x.png */ = {isa = PBXFileReference; lastKnownFileType = image.png; path = "ballCyan@2x.png"; sourceTree = "<group>"; };
		EF1365CD285F3C2D00BEAE7C /* background@2x.jpg */ = {isa = PBXFileReference; lastKnownFileType = image.jpeg; path = "background@2x.jpg"; sourceTree = "<group>"; };
		EF1365CE285F3C2D00BEAE7C /* ballGreen@2x.png */ = {isa = PBXFileReference; lastKnownFileType = image.png; path = "ballGreen@2x.png"; sourceTree = "<group>"; };
		EFE67435285E029300123DEB /* Project11.app */ = {isa = PBXFileReference; explicitFileType = wrapper.application; includeInIndex = 0; path = Project11.app; sourceTree = BUILT_PRODUCTS_DIR; };
		EFE67438285E029300123DEB /* AppDelegate.swift */ = {isa = PBXFileReference; lastKnownFileType = sourcecode.swift; path = AppDelegate.swift; sourceTree = "<group>"; };
		EFE6743A285E029300123DEB /* GameScene.sks */ = {isa = PBXFileReference; lastKnownFileType = file.sks; path = GameScene.sks; sourceTree = "<group>"; };
		EFE6743E285E029300123DEB /* GameScene.swift */ = {isa = PBXFileReference; lastKnownFileType = sourcecode.swift; path = GameScene.swift; sourceTree = "<group>"; };
		EFE67440285E029300123DEB /* GameViewController.swift */ = {isa = PBXFileReference; lastKnownFileType = sourcecode.swift; path = GameViewController.swift; sourceTree = "<group>"; };
		EFE67443285E029300123DEB /* Base */ = {isa = PBXFileReference; lastKnownFileType = file.storyboard; name = Base; path = Base.lproj/Main.storyboard; sourceTree = "<group>"; };
		EFE67445285E029500123DEB /* Assets.xcassets */ = {isa = PBXFileReference; lastKnownFileType = folder.assetcatalog; path = Assets.xcassets; sourceTree = "<group>"; };
		EFE67448285E029500123DEB /* Base */ = {isa = PBXFileReference; lastKnownFileType = file.storyboard; name = Base; path = Base.lproj/LaunchScreen.storyboard; sourceTree = "<group>"; };
/* End PBXFileReference section */

/* Begin PBXFrameworksBuildPhase section */
		EFE67432285E029300123DEB /* Frameworks */ = {
			isa = PBXFrameworksBuildPhase;
			buildActionMask = 2147483647;
			files = (
			);
			runOnlyForDeploymentPostprocessing = 0;
		};
/* End PBXFrameworksBuildPhase section */

/* Begin PBXGroup section */
		EF1365BF285F3C2D00BEAE7C /* Content */ = {
			isa = PBXGroup;
			children = (
				EF1365C1285F3C2D00BEAE7C /* ballBlue@2x.png */,
				EF1365C2285F3C2D00BEAE7C /* slotGlowBad@2x.png */,
				EF1365C3285F3C2D00BEAE7C /* ballYellow@2x.png */,
				EF1365C4285F3C2D00BEAE7C /* slotBaseGood@2x.png */,
				EF1365C5285F3C2D00BEAE7C /* ballPurple@2x.png */,
				EF1365C6285F3C2D00BEAE7C /* slotBaseBad@2x.png */,
				EF1365C7285F3C2D00BEAE7C /* ballGrey@2x.png */,
				EF1365C8285F3C2D00BEAE7C /* spark.png */,
				EF1365C9285F3C2D00BEAE7C /* bouncer@2x.png */,
				EF1365CA285F3C2D00BEAE7C /* slotGlowGood@2x.png */,
				EF1365CB285F3C2D00BEAE7C /* ballRed@2x.png */,
				EF1365CC285F3C2D00BEAE7C /* ballCyan@2x.png */,
				EF1365CD285F3C2D00BEAE7C /* background@2x.jpg */,
				EF1365CE285F3C2D00BEAE7C /* ballGreen@2x.png */,
			);
			path = Content;
			sourceTree = "<group>";
		};
		EFE6742C285E029300123DEB = {
			isa = PBXGroup;
			children = (
				EFE67437285E029300123DEB /* Project11 */,
				EFE67436285E029300123DEB /* Products */,
			);
			sourceTree = "<group>";
		};
		EFE67436285E029300123DEB /* Products */ = {
			isa = PBXGroup;
			children = (
				EFE67435285E029300123DEB /* Project11.app */,
			);
			name = Products;
			sourceTree = "<group>";
		};
		EFE67437285E029300123DEB /* Project11 */ = {
			isa = PBXGroup;
			children = (
				EFE67438285E029300123DEB /* AppDelegate.swift */,
				EFE6743A285E029300123DEB /* GameScene.sks */,
				EFE6743E285E029300123DEB /* GameScene.swift */,
				EFE67440285E029300123DEB /* GameViewController.swift */,
				EFE67442285E029300123DEB /* Main.storyboard */,
				EFE67445285E029500123DEB /* Assets.xcassets */,
				EF1365BD285F24F200BEAE7C /* FireParticles.sks */,
				EFE67447285E029500123DEB /* LaunchScreen.storyboard */,
				EF1365BF285F3C2D00BEAE7C /* Content */,
			);
			path = Project11;
			sourceTree = "<group>";
		};
/* End PBXGroup section */

/* Begin PBXNativeTarget section */
		EFE67434285E029300123DEB /* Project11 */ = {
			isa = PBXNativeTarget;
			buildConfigurationList = EFE6744C285E029500123DEB /* Build configuration list for PBXNativeTarget "Project11" */;
			buildPhases = (
				EFE67431285E029300123DEB /* Sources */,
				EFE67432285E029300123DEB /* Frameworks */,
				EFE67433285E029300123DEB /* Resources */,
			);
			buildRules = (
			);
			dependencies = (
			);
			name = Project11;
			productName = Project11;
			productReference = EFE67435285E029300123DEB /* Project11.app */;
			productType = "com.apple.product-type.application";
		};
/* End PBXNativeTarget section */

/* Begin PBXProject section */
		EFE6742D285E029300123DEB /* Project object */ = {
			isa = PBXProject;
			attributes = {
				BuildIndependentTargetsInParallel = 1;
				LastSwiftUpdateCheck = 1330;
				LastUpgradeCheck = 1330;
				TargetAttributes = {
					EFE67434285E029300123DEB = {
						CreatedOnToolsVersion = 13.3;
					};
				};
			};
			buildConfigurationList = EFE67430285E029300123DEB /* Build configuration list for PBXProject "Project11" */;
			compatibilityVersion = "Xcode 13.0";
			developmentRegion = en;
			hasScannedForEncodings = 0;
			knownRegions = (
				en,
				Base,
			);
			mainGroup = EFE6742C285E029300123DEB;
			productRefGroup = EFE67436285E029300123DEB /* Products */;
			projectDirPath = "";
			projectRoot = "";
			targets = (
				EFE67434285E029300123DEB /* Project11 */,
			);
		};
/* End PBXProject section */

/* Begin PBXResourcesBuildPhase section */
		EFE67433285E029300123DEB /* Resources */ = {
			isa = PBXResourcesBuildPhase;
			buildActionMask = 2147483647;
			files = (
				EF1365DA285F3C2D00BEAE7C /* ballRed@2x.png in Resources */,
				EF1365D0285F3C2D00BEAE7C /* ballBlue@2x.png in Resources */,
				EF1365DB285F3C2D00BEAE7C /* ballCyan@2x.png in Resources */,
				EF1365D1285F3C2D00BEAE7C /* slotGlowBad@2x.png in Resources */,
				EF1365DC285F3C2D00BEAE7C /* background@2x.jpg in Resources */,
				EF1365D3285F3C2D00BEAE7C /* slotBaseGood@2x.png in Resources */,
				EF1365D7285F3C2D00BEAE7C /* spark.png in Resources */,
				EF1365D9285F3C2D00BEAE7C /* slotGlowGood@2x.png in Resources */,
				EFE67444285E029300123DEB /* Main.storyboard in Resources */,
				EF1365D4285F3C2D00BEAE7C /* ballPurple@2x.png in Resources */,
				EF1365D8285F3C2D00BEAE7C /* bouncer@2x.png in Resources */,
				EFE6743B285E029300123DEB /* GameScene.sks in Resources */,
				EF1365BE285F24F300BEAE7C /* FireParticles.sks in Resources */,
				EF1365DD285F3C2D00BEAE7C /* ballGreen@2x.png in Resources */,
				EF1365D6285F3C2D00BEAE7C /* ballGrey@2x.png in Resources */,
				EFE67446285E029500123DEB /* Assets.xcassets in Resources */,
				EF1365D2285F3C2D00BEAE7C /* ballYellow@2x.png in Resources */,
				EFE67449285E029500123DEB /* LaunchScreen.storyboard in Resources */,
				EF1365D5285F3C2D00BEAE7C /* slotBaseBad@2x.png in Resources */,
			);
			runOnlyForDeploymentPostprocessing = 0;
		};
/* End PBXResourcesBuildPhase section */

/* Begin PBXSourcesBuildPhase section */
		EFE67431285E029300123DEB /* Sources */ = {
			isa = PBXSourcesBuildPhase;
			buildActionMask = 2147483647;
			files = (
				EFE6743F285E029300123DEB /* GameScene.swift in Sources */,
				EFE67441285E029300123DEB /* GameViewController.swift in Sources */,
				EFE67439285E029300123DEB /* AppDelegate.swift in Sources */,
			);
			runOnlyForDeploymentPostprocessing = 0;
		};
/* End PBXSourcesBuildPhase section */

/* Begin PBXVariantGroup section */
		EFE67442285E029300123DEB /* Main.storyboard */ = {
			isa = PBXVariantGroup;
			children = (
				EFE67443285E029300123DEB /* Base */,
			);
			name = Main.storyboard;
			sourceTree = "<group>";
		};
		EFE67447285E029500123DEB /* LaunchScreen.storyboard */ = {
			isa = PBXVariantGroup;
			children = (
				EFE67448285E029500123DEB /* Base */,
			);
			name = LaunchScreen.storyboard;
			sourceTree = "<group>";
		};
/* End PBXVariantGroup section */

/* Begin XCBuildConfiguration section */
		EFE6744A285E029500123DEB /* Debug */ = {
			isa = XCBuildConfiguration;
			buildSettings = {
				ALWAYS_SEARCH_USER_PATHS = NO;
				CLANG_ANALYZER_NONNULL = YES;
				CLANG_ANALYZER_NUMBER_OBJECT_CONVERSION = YES_AGGRESSIVE;
				CLANG_CXX_LANGUAGE_STANDARD = "gnu++17";
				CLANG_ENABLE_MODULES = YES;
				CLANG_ENABLE_OBJC_ARC = YES;
				CLANG_ENABLE_OBJC_WEAK = YES;
				CLANG_WARN_BLOCK_CAPTURE_AUTORELEASING = YES;
				CLANG_WARN_BOOL_CONVERSION = YES;
				CLANG_WARN_COMMA = YES;
				CLANG_WARN_CONSTANT_CONVERSION = YES;
				CLANG_WARN_DEPRECATED_OBJC_IMPLEMENTATIONS = YES;
				CLANG_WARN_DIRECT_OBJC_ISA_USAGE = YES_ERROR;
				CLANG_WARN_DOCUMENTATION_COMMENTS = YES;
				CLANG_WARN_EMPTY_BODY = YES;
				CLANG_WARN_ENUM_CONVERSION = YES;
				CLANG_WARN_INFINITE_RECURSION = YES;
				CLANG_WARN_INT_CONVERSION = YES;
				CLANG_WARN_NON_LITERAL_NULL_CONVERSION = YES;
				CLANG_WARN_OBJC_IMPLICIT_RETAIN_SELF = YES;
				CLANG_WARN_OBJC_LITERAL_CONVERSION = YES;
				CLANG_WARN_OBJC_ROOT_CLASS = YES_ERROR;
				CLANG_WARN_QUOTED_INCLUDE_IN_FRAMEWORK_HEADER = YES;
				CLANG_WARN_RANGE_LOOP_ANALYSIS = YES;
				CLANG_WARN_STRICT_PROTOTYPES = YES;
				CLANG_WARN_SUSPICIOUS_MOVE = YES;
				CLANG_WARN_UNGUARDED_AVAILABILITY = YES_AGGRESSIVE;
				CLANG_WARN_UNREACHABLE_CODE = YES;
				CLANG_WARN__DUPLICATE_METHOD_MATCH = YES;
				COPY_PHASE_STRIP = NO;
				DEBUG_INFORMATION_FORMAT = dwarf;
				ENABLE_STRICT_OBJC_MSGSEND = YES;
				ENABLE_TESTABILITY = YES;
				GCC_C_LANGUAGE_STANDARD = gnu11;
				GCC_DYNAMIC_NO_PIC = NO;
				GCC_NO_COMMON_BLOCKS = YES;
				GCC_OPTIMIZATION_LEVEL = 0;
				GCC_PREPROCESSOR_DEFINITIONS = (
					"DEBUG=1",
					"$(inherited)",
				);
				GCC_WARN_64_TO_32_BIT_CONVERSION = YES;
				GCC_WARN_ABOUT_RETURN_TYPE = YES_ERROR;
				GCC_WARN_UNDECLARED_SELECTOR = YES;
				GCC_WARN_UNINITIALIZED_AUTOS = YES_AGGRESSIVE;
				GCC_WARN_UNUSED_FUNCTION = YES;
				GCC_WARN_UNUSED_VARIABLE = YES;
				IPHONEOS_DEPLOYMENT_TARGET = 15.4;
				MTL_ENABLE_DEBUG_INFO = INCLUDE_SOURCE;
				MTL_FAST_MATH = YES;
				ONLY_ACTIVE_ARCH = YES;
				SDKROOT = iphoneos;
				SWIFT_ACTIVE_COMPILATION_CONDITIONS = DEBUG;
				SWIFT_OPTIMIZATION_LEVEL = "-Onone";
			};
			name = Debug;
		};
		EFE6744B285E029500123DEB /* Release */ = {
			isa = XCBuildConfiguration;
			buildSettings = {
				ALWAYS_SEARCH_USER_PATHS = NO;
				CLANG_ANALYZER_NONNULL = YES;
				CLANG_ANALYZER_NUMBER_OBJECT_CONVERSION = YES_AGGRESSIVE;
				CLANG_CXX_LANGUAGE_STANDARD = "gnu++17";
				CLANG_ENABLE_MODULES = YES;
				CLANG_ENABLE_OBJC_ARC = YES;
				CLANG_ENABLE_OBJC_WEAK = YES;
				CLANG_WARN_BLOCK_CAPTURE_AUTORELEASING = YES;
				CLANG_WARN_BOOL_CONVERSION = YES;
				CLANG_WARN_COMMA = YES;
				CLANG_WARN_CONSTANT_CONVERSION = YES;
				CLANG_WARN_DEPRECATED_OBJC_IMPLEMENTATIONS = YES;
				CLANG_WARN_DIRECT_OBJC_ISA_USAGE = YES_ERROR;
				CLANG_WARN_DOCUMENTATION_COMMENTS = YES;
				CLANG_WARN_EMPTY_BODY = YES;
				CLANG_WARN_ENUM_CONVERSION = YES;
				CLANG_WARN_INFINITE_RECURSION = YES;
				CLANG_WARN_INT_CONVERSION = YES;
				CLANG_WARN_NON_LITERAL_NULL_CONVERSION = YES;
				CLANG_WARN_OBJC_IMPLICIT_RETAIN_SELF = YES;
				CLANG_WARN_OBJC_LITERAL_CONVERSION = YES;
				CLANG_WARN_OBJC_ROOT_CLASS = YES_ERROR;
				CLANG_WARN_QUOTED_INCLUDE_IN_FRAMEWORK_HEADER = YES;
				CLANG_WARN_RANGE_LOOP_ANALYSIS = YES;
				CLANG_WARN_STRICT_PROTOTYPES = YES;
				CLANG_WARN_SUSPICIOUS_MOVE = YES;
				CLANG_WARN_UNGUARDED_AVAILABILITY = YES_AGGRESSIVE;
				CLANG_WARN_UNREACHABLE_CODE = YES;
				CLANG_WARN__DUPLICATE_METHOD_MATCH = YES;
				COPY_PHASE_STRIP = NO;
				DEBUG_INFORMATION_FORMAT = "dwarf-with-dsym";
				ENABLE_NS_ASSERTIONS = NO;
				ENABLE_STRICT_OBJC_MSGSEND = YES;
				GCC_C_LANGUAGE_STANDARD = gnu11;
				GCC_NO_COMMON_BLOCKS = YES;
				GCC_WARN_64_TO_32_BIT_CONVERSION = YES;
				GCC_WARN_ABOUT_RETURN_TYPE = YES_ERROR;
				GCC_WARN_UNDECLARED_SELECTOR = YES;
				GCC_WARN_UNINITIALIZED_AUTOS = YES_AGGRESSIVE;
				GCC_WARN_UNUSED_FUNCTION = YES;
				GCC_WARN_UNUSED_VARIABLE = YES;
				IPHONEOS_DEPLOYMENT_TARGET = 15.4;
				MTL_ENABLE_DEBUG_INFO = NO;
				MTL_FAST_MATH = YES;
				SDKROOT = iphoneos;
				SWIFT_COMPILATION_MODE = wholemodule;
				SWIFT_OPTIMIZATION_LEVEL = "-O";
				VALIDATE_PRODUCT = YES;
			};
			name = Release;
		};
		EFE6744D285E029500123DEB /* Debug */ = {
			isa = XCBuildConfiguration;
			buildSettings = {
				ASSETCATALOG_COMPILER_APPICON_NAME = AppIcon;
				ASSETCATALOG_COMPILER_GLOBAL_ACCENT_COLOR_NAME = AccentColor;
				CODE_SIGN_STYLE = Automatic;
				CURRENT_PROJECT_VERSION = 1;
				DEVELOPMENT_TEAM = 8683DU5JVT;
				GENERATE_INFOPLIST_FILE = YES;
				INFOPLIST_KEY_UIApplicationSupportsIndirectInputEvents = YES;
				INFOPLIST_KEY_UILaunchStoryboardName = LaunchScreen;
				INFOPLIST_KEY_UIMainStoryboardFile = Main;
				INFOPLIST_KEY_UIStatusBarHidden = YES;
				INFOPLIST_KEY_UISupportedInterfaceOrientations_iPad = "UIInterfaceOrientationLandscapeLeft UIInterfaceOrientationLandscapeRight";
				INFOPLIST_KEY_UISupportedInterfaceOrientations_iPhone = "UIInterfaceOrientationPortrait UIInterfaceOrientationLandscapeLeft UIInterfaceOrientationLandscapeRight";
				LD_RUNPATH_SEARCH_PATHS = (
					"$(inherited)",
					"@executable_path/Frameworks",
				);
				MARKETING_VERSION = 1.0;
				PRODUCT_BUNDLE_IDENTIFIER = study.Project11;
				PRODUCT_NAME = "$(TARGET_NAME)";
				SWIFT_EMIT_LOC_STRINGS = YES;
				SWIFT_VERSION = 5.0;
				TARGETED_DEVICE_FAMILY = 2;
			};
			name = Debug;
		};
		EFE6744E285E029500123DEB /* Release */ = {
			isa = XCBuildConfiguration;
			buildSettings = {
				ASSETCATALOG_COMPILER_APPICON_NAME = AppIcon;
				ASSETCATALOG_COMPILER_GLOBAL_ACCENT_COLOR_NAME = AccentColor;
				CODE_SIGN_STYLE = Automatic;
				CURRENT_PROJECT_VERSION = 1;
				DEVELOPMENT_TEAM = 8683DU5JVT;
				GENERATE_INFOPLIST_FILE = YES;
				INFOPLIST_KEY_UIApplicationSupportsIndirectInputEvents = YES;
				INFOPLIST_KEY_UILaunchStoryboardName = LaunchScreen;
				INFOPLIST_KEY_UIMainStoryboardFile = Main;
				INFOPLIST_KEY_UIStatusBarHidden = YES;
				INFOPLIST_KEY_UISupportedInterfaceOrientations_iPad = "UIInterfaceOrientationLandscapeLeft UIInterfaceOrientationLandscapeRight";
				INFOPLIST_KEY_UISupportedInterfaceOrientations_iPhone = "UIInterfaceOrientationPortrait UIInterfaceOrientationLandscapeLeft UIInterfaceOrientationLandscapeRight";
				LD_RUNPATH_SEARCH_PATHS = (
					"$(inherited)",
					"@executable_path/Frameworks",
				);
				MARKETING_VERSION = 1.0;
				PRODUCT_BUNDLE_IDENTIFIER = study.Project11;
				PRODUCT_NAME = "$(TARGET_NAME)";
				SWIFT_EMIT_LOC_STRINGS = YES;
				SWIFT_VERSION = 5.0;
				TARGETED_DEVICE_FAMILY = 2;
			};
			name = Release;
		};
/* End XCBuildConfiguration section */

/* Begin XCConfigurationList section */
		EFE67430285E029300123DEB /* Build configuration list for PBXProject "Project11" */ = {
			isa = XCConfigurationList;
			buildConfigurations = (
				EFE6744A285E029500123DEB /* Debug */,
				EFE6744B285E029500123DEB /* Release */,
			);
			defaultConfigurationIsVisible = 0;
			defaultConfigurationName = Release;
		};
		EFE6744C285E029500123DEB /* Build configuration list for PBXNativeTarget "Project11" */ = {
			isa = XCConfigurationList;
			buildConfigurations = (
				EFE6744D285E029500123DEB /* Debug */,
				EFE6744E285E029500123DEB /* Release */,
			);
			defaultConfigurationIsVisible = 0;
			defaultConfigurationName = Release;
		};
/* End XCConfigurationList section */
	};
	rootObject = EFE6742D285E029300123DEB /* Project object */;
}
