// !$*UTF8*$!
{
	archiveVersion = 1;
	classes = {
	};
	objectVersion = 55;
	objects = {

/* Begin PBXBuildFile section */
		EF58DB042872CE9A00FEBE24 /* AppDelegate.swift in Sources */ = {isa = PBXBuildFile; fileRef = EF58DB032872CE9A00FEBE24 /* AppDelegate.swift */; };
		EF58DB062872CE9A00FEBE24 /* SceneDelegate.swift in Sources */ = {isa = PBXBuildFile; fileRef = EF58DB052872CE9A00FEBE24 /* SceneDelegate.swift */; };
		EF58DB082872CE9A00FEBE24 /* ViewController.swift in Sources */ = {isa = PBXBuildFile; fileRef = EF58DB072872CE9A00FEBE24 /* ViewController.swift */; };
		EF58DB0B2872CE9A00FEBE24 /* Main.storyboard in Resources */ = {isa = PBXBuildFile; fileRef = EF58DB092872CE9A00FEBE24 /* Main.storyboard */; };
		EF58DB0D2872CEA100FEBE24 /* Assets.xcassets in Resources */ = {isa = PBXBuildFile; fileRef = EF58DB0C2872CEA100FEBE24 /* Assets.xcassets */; };
		EF58DB102872CEA100FEBE24 /* LaunchScreen.storyboard in Resources */ = {isa = PBXBuildFile; fileRef = EF58DB0E2872CEA100FEBE24 /* LaunchScreen.storyboard */; };
		EF58DB1E2872D16100FEBE24 /* UniformTypeIdentifiers.framework in Frameworks */ = {isa = PBXBuildFile; fileRef = EF58DB1D2872D16100FEBE24 /* UniformTypeIdentifiers.framework */; };
		EF58DB212872D16100FEBE24 /* Media.xcassets in Resources */ = {isa = PBXBuildFile; fileRef = EF58DB202872D16100FEBE24 /* Media.xcassets */; };
		EF58DB232872D16100FEBE24 /* ActionViewController.swift in Sources */ = {isa = PBXBuildFile; fileRef = EF58DB222872D16100FEBE24 /* ActionViewController.swift */; };
		EF58DB262872D16100FEBE24 /* MainInterface.storyboard in Resources */ = {isa = PBXBuildFile; fileRef = EF58DB242872D16100FEBE24 /* MainInterface.storyboard */; };
		EF58DB2A2872D16100FEBE24 /* Extension.appex in Embed App Extensions */ = {isa = PBXBuildFile; fileRef = EF58DB1B2872D16100FEBE24 /* Extension.appex */; settings = {ATTRIBUTES = (RemoveHeadersOnCopy, ); }; };
		EF58DB302872DA7000FEBE24 /* Action.js in Resources */ = {isa = PBXBuildFile; fileRef = EF58DB2F2872D7C400FEBE24 /* Action.js */; };
		EF58DB422874769400FEBE24 /* ScriptTableViewController.swift in Sources */ = {isa = PBXBuildFile; fileRef = EF58DB412874769400FEBE24 /* ScriptTableViewController.swift */; };
/* End PBXBuildFile section */

/* Begin PBXContainerItemProxy section */
		EF58DB282872D16100FEBE24 /* PBXContainerItemProxy */ = {
			isa = PBXContainerItemProxy;
			containerPortal = EF58DAF82872CE9A00FEBE24 /* Project object */;
			proxyType = 1;
			remoteGlobalIDString = EF58DB1A2872D16100FEBE24;
			remoteInfo = Extension;
		};
/* End PBXContainerItemProxy section */

/* Begin PBXCopyFilesBuildPhase section */
		EF58DB2E2872D16100FEBE24 /* Embed App Extensions */ = {
			isa = PBXCopyFilesBuildPhase;
			buildActionMask = 2147483647;
			dstPath = "";
			dstSubfolderSpec = 13;
			files = (
				EF58DB2A2872D16100FEBE24 /* Extension.appex in Embed App Extensions */,
			);
			name = "Embed App Extensions";
			runOnlyForDeploymentPostprocessing = 0;
		};
/* End PBXCopyFilesBuildPhase section */

/* Begin PBXFileReference section */
		EF58DB002872CE9A00FEBE24 /* Project19.app */ = {isa = PBXFileReference; explicitFileType = wrapper.application; includeInIndex = 0; path = Project19.app; sourceTree = BUILT_PRODUCTS_DIR; };
		EF58DB032872CE9A00FEBE24 /* AppDelegate.swift */ = {isa = PBXFileReference; lastKnownFileType = sourcecode.swift; path = AppDelegate.swift; sourceTree = "<group>"; };
		EF58DB052872CE9A00FEBE24 /* SceneDelegate.swift */ = {isa = PBXFileReference; lastKnownFileType = sourcecode.swift; path = SceneDelegate.swift; sourceTree = "<group>"; };
		EF58DB072872CE9A00FEBE24 /* ViewController.swift */ = {isa = PBXFileReference; lastKnownFileType = sourcecode.swift; path = ViewController.swift; sourceTree = "<group>"; };
		EF58DB0A2872CE9A00FEBE24 /* Base */ = {isa = PBXFileReference; lastKnownFileType = file.storyboard; name = Base; path = Base.lproj/Main.storyboard; sourceTree = "<group>"; };
		EF58DB0C2872CEA100FEBE24 /* Assets.xcassets */ = {isa = PBXFileReference; lastKnownFileType = folder.assetcatalog; path = Assets.xcassets; sourceTree = "<group>"; };
		EF58DB0F2872CEA100FEBE24 /* Base */ = {isa = PBXFileReference; lastKnownFileType = file.storyboard; name = Base; path = Base.lproj/LaunchScreen.storyboard; sourceTree = "<group>"; };
		EF58DB112872CEA100FEBE24 /* Info.plist */ = {isa = PBXFileReference; lastKnownFileType = text.plist.xml; path = Info.plist; sourceTree = "<group>"; };
		EF58DB1B2872D16100FEBE24 /* Extension.appex */ = {isa = PBXFileReference; explicitFileType = "wrapper.app-extension"; includeInIndex = 0; path = Extension.appex; sourceTree = BUILT_PRODUCTS_DIR; };
		EF58DB1D2872D16100FEBE24 /* UniformTypeIdentifiers.framework */ = {isa = PBXFileReference; lastKnownFileType = wrapper.framework; name = UniformTypeIdentifiers.framework; path = System/Library/Frameworks/UniformTypeIdentifiers.framework; sourceTree = SDKROOT; };
		EF58DB202872D16100FEBE24 /* Media.xcassets */ = {isa = PBXFileReference; lastKnownFileType = folder.assetcatalog; path = Media.xcassets; sourceTree = "<group>"; };
		EF58DB222872D16100FEBE24 /* ActionViewController.swift */ = {isa = PBXFileReference; lastKnownFileType = sourcecode.swift; path = ActionViewController.swift; sourceTree = "<group>"; };
		EF58DB252872D16100FEBE24 /* Base */ = {isa = PBXFileReference; lastKnownFileType = file.storyboard; name = Base; path = Base.lproj/MainInterface.storyboard; sourceTree = "<group>"; };
		EF58DB272872D16100FEBE24 /* Info.plist */ = {isa = PBXFileReference; lastKnownFileType = text.plist.xml; path = Info.plist; sourceTree = "<group>"; };
		EF58DB2F2872D7C400FEBE24 /* Action.js */ = {isa = PBXFileReference; lastKnownFileType = sourcecode.javascript; path = Action.js; sourceTree = "<group>"; };
		EF58DB412874769400FEBE24 /* ScriptTableViewController.swift */ = {isa = PBXFileReference; lastKnownFileType = sourcecode.swift; path = ScriptTableViewController.swift; sourceTree = "<group>"; };
/* End PBXFileReference section */

/* Begin PBXFrameworksBuildPhase section */
		EF58DAFD2872CE9A00FEBE24 /* Frameworks */ = {
			isa = PBXFrameworksBuildPhase;
			buildActionMask = 2147483647;
			files = (
			);
			runOnlyForDeploymentPostprocessing = 0;
		};
		EF58DB182872D16100FEBE24 /* Frameworks */ = {
			isa = PBXFrameworksBuildPhase;
			buildActionMask = 2147483647;
			files = (
				EF58DB1E2872D16100FEBE24 /* UniformTypeIdentifiers.framework in Frameworks */,
			);
			runOnlyForDeploymentPostprocessing = 0;
		};
/* End PBXFrameworksBuildPhase section */

/* Begin PBXGroup section */
		EF58DAF72872CE9A00FEBE24 = {
			isa = PBXGroup;
			children = (
				EF58DB022872CE9A00FEBE24 /* Project19 */,
				EF58DB1F2872D16100FEBE24 /* Extension */,
				EF58DB1C2872D16100FEBE24 /* Frameworks */,
				EF58DB012872CE9A00FEBE24 /* Products */,
			);
			sourceTree = "<group>";
		};
		EF58DB012872CE9A00FEBE24 /* Products */ = {
			isa = PBXGroup;
			children = (
				EF58DB002872CE9A00FEBE24 /* Project19.app */,
				EF58DB1B2872D16100FEBE24 /* Extension.appex */,
			);
			name = Products;
			sourceTree = "<group>";
		};
		EF58DB022872CE9A00FEBE24 /* Project19 */ = {
			isa = PBXGroup;
			children = (
				EF58DB032872CE9A00FEBE24 /* AppDelegate.swift */,
				EF58DB052872CE9A00FEBE24 /* SceneDelegate.swift */,
				EF58DB072872CE9A00FEBE24 /* ViewController.swift */,
				EF58DB092872CE9A00FEBE24 /* Main.storyboard */,
				EF58DB0C2872CEA100FEBE24 /* Assets.xcassets */,
				EF58DB0E2872CEA100FEBE24 /* LaunchScreen.storyboard */,
				EF58DB112872CEA100FEBE24 /* Info.plist */,
			);
			path = Project19;
			sourceTree = "<group>";
		};
		EF58DB1C2872D16100FEBE24 /* Frameworks */ = {
			isa = PBXGroup;
			children = (
				EF58DB1D2872D16100FEBE24 /* UniformTypeIdentifiers.framework */,
			);
			name = Frameworks;
			sourceTree = "<group>";
		};
		EF58DB1F2872D16100FEBE24 /* Extension */ = {
			isa = PBXGroup;
			children = (
				EF58DB202872D16100FEBE24 /* Media.xcassets */,
				EF58DB412874769400FEBE24 /* ScriptTableViewController.swift */,
				EF58DB222872D16100FEBE24 /* ActionViewController.swift */,
				EF58DB242872D16100FEBE24 /* MainInterface.storyboard */,
				EF58DB272872D16100FEBE24 /* Info.plist */,
				EF58DB2F2872D7C400FEBE24 /* Action.js */,
			);
			path = Extension;
			sourceTree = "<group>";
		};
/* End PBXGroup section */

/* Begin PBXNativeTarget section */
		EF58DAFF2872CE9A00FEBE24 /* Project19 */ = {
			isa = PBXNativeTarget;
			buildConfigurationList = EF58DB142872CEA100FEBE24 /* Build configuration list for PBXNativeTarget "Project19" */;
			buildPhases = (
				EF58DAFC2872CE9A00FEBE24 /* Sources */,
				EF58DAFD2872CE9A00FEBE24 /* Frameworks */,
				EF58DAFE2872CE9A00FEBE24 /* Resources */,
				EF58DB2E2872D16100FEBE24 /* Embed App Extensions */,
			);
			buildRules = (
			);
			dependencies = (
				EF58DB292872D16100FEBE24 /* PBXTargetDependency */,
			);
			name = Project19;
			productName = Project19;
			productReference = EF58DB002872CE9A00FEBE24 /* Project19.app */;
			productType = "com.apple.product-type.application";
		};
		EF58DB1A2872D16100FEBE24 /* Extension */ = {
			isa = PBXNativeTarget;
			buildConfigurationList = EF58DB2B2872D16100FEBE24 /* Build configuration list for PBXNativeTarget "Extension" */;
			buildPhases = (
				EF58DB172872D16100FEBE24 /* Sources */,
				EF58DB182872D16100FEBE24 /* Frameworks */,
				EF58DB192872D16100FEBE24 /* Resources */,
			);
			buildRules = (
			);
			dependencies = (
			);
			name = Extension;
			productName = Extension;
			productReference = EF58DB1B2872D16100FEBE24 /* Extension.appex */;
			productType = "com.apple.product-type.app-extension";
		};
/* End PBXNativeTarget section */

/* Begin PBXProject section */
		EF58DAF82872CE9A00FEBE24 /* Project object */ = {
			isa = PBXProject;
			attributes = {
				BuildIndependentTargetsInParallel = 1;
				LastSwiftUpdateCheck = 1330;
				LastUpgradeCheck = 1330;
				TargetAttributes = {
					EF58DAFF2872CE9A00FEBE24 = {
						CreatedOnToolsVersion = 13.3;
					};
					EF58DB1A2872D16100FEBE24 = {
						CreatedOnToolsVersion = 13.3;
					};
				};
			};
			buildConfigurationList = EF58DAFB2872CE9A00FEBE24 /* Build configuration list for PBXProject "Project19" */;
			compatibilityVersion = "Xcode 13.0";
			developmentRegion = en;
			hasScannedForEncodings = 0;
			knownRegions = (
				en,
				Base,
			);
			mainGroup = EF58DAF72872CE9A00FEBE24;
			productRefGroup = EF58DB012872CE9A00FEBE24 /* Products */;
			projectDirPath = "";
			projectRoot = "";
			targets = (
				EF58DAFF2872CE9A00FEBE24 /* Project19 */,
				EF58DB1A2872D16100FEBE24 /* Extension */,
			);
		};
/* End PBXProject section */

/* Begin PBXResourcesBuildPhase section */
		EF58DAFE2872CE9A00FEBE24 /* Resources */ = {
			isa = PBXResourcesBuildPhase;
			buildActionMask = 2147483647;
			files = (
				EF58DB102872CEA100FEBE24 /* LaunchScreen.storyboard in Resources */,
				EF58DB0D2872CEA100FEBE24 /* Assets.xcassets in Resources */,
				EF58DB0B2872CE9A00FEBE24 /* Main.storyboard in Resources */,
			);
			runOnlyForDeploymentPostprocessing = 0;
		};
		EF58DB192872D16100FEBE24 /* Resources */ = {
			isa = PBXResourcesBuildPhase;
			buildActionMask = 2147483647;
			files = (
				EF58DB302872DA7000FEBE24 /* Action.js in Resources */,
				EF58DB212872D16100FEBE24 /* Media.xcassets in Resources */,
				EF58DB262872D16100FEBE24 /* MainInterface.storyboard in Resources */,
			);
			runOnlyForDeploymentPostprocessing = 0;
		};
/* End PBXResourcesBuildPhase section */

/* Begin PBXSourcesBuildPhase section */
		EF58DAFC2872CE9A00FEBE24 /* Sources */ = {
			isa = PBXSourcesBuildPhase;
			buildActionMask = 2147483647;
			files = (
				EF58DB082872CE9A00FEBE24 /* ViewController.swift in Sources */,
				EF58DB042872CE9A00FEBE24 /* AppDelegate.swift in Sources */,
				EF58DB062872CE9A00FEBE24 /* SceneDelegate.swift in Sources */,
			);
			runOnlyForDeploymentPostprocessing = 0;
		};
		EF58DB172872D16100FEBE24 /* Sources */ = {
			isa = PBXSourcesBuildPhase;
			buildActionMask = 2147483647;
			files = (
				EF58DB422874769400FEBE24 /* ScriptTableViewController.swift in Sources */,
				EF58DB232872D16100FEBE24 /* ActionViewController.swift in Sources */,
			);
			runOnlyForDeploymentPostprocessing = 0;
		};
/* End PBXSourcesBuildPhase section */

/* Begin PBXTargetDependency section */
		EF58DB292872D16100FEBE24 /* PBXTargetDependency */ = {
			isa = PBXTargetDependency;
			target = EF58DB1A2872D16100FEBE24 /* Extension */;
			targetProxy = EF58DB282872D16100FEBE24 /* PBXContainerItemProxy */;
		};
/* End PBXTargetDependency section */

/* Begin PBXVariantGroup section */
		EF58DB092872CE9A00FEBE24 /* Main.storyboard */ = {
			isa = PBXVariantGroup;
			children = (
				EF58DB0A2872CE9A00FEBE24 /* Base */,
			);
			name = Main.storyboard;
			sourceTree = "<group>";
		};
		EF58DB0E2872CEA100FEBE24 /* LaunchScreen.storyboard */ = {
			isa = PBXVariantGroup;
			children = (
				EF58DB0F2872CEA100FEBE24 /* Base */,
			);
			name = LaunchScreen.storyboard;
			sourceTree = "<group>";
		};
		EF58DB242872D16100FEBE24 /* MainInterface.storyboard */ = {
			isa = PBXVariantGroup;
			children = (
				EF58DB252872D16100FEBE24 /* Base */,
			);
			name = MainInterface.storyboard;
			sourceTree = "<group>";
		};
/* End PBXVariantGroup section */

/* Begin XCBuildConfiguration section */
		EF58DB122872CEA100FEBE24 /* Debug */ = {
			isa = XCBuildConfiguration;
			buildSettings = {
				ALWAYS_SEARCH_USER_PATHS = NO;
				CLANG_ANALYZER_NONNULL = YES;
				CLANG_ANALYZER_NUMBER_OBJECT_CONVERSION = YES_AGGRESSIVE;
				CLANG_CXX_LANGUAGE_STANDARD = "gnu++17";
				CLANG_ENABLE_MODULES = YES;
				CLANG_ENABLE_OBJC_ARC = YES;
				CLANG_ENABLE_OBJC_WEAK = YES;
				CLANG_WARN_BLOCK_CAPTURE_AUTORELEASING = YES;
				CLANG_WARN_BOOL_CONVERSION = YES;
				CLANG_WARN_COMMA = YES;
				CLANG_WARN_CONSTANT_CONVERSION = YES;
				CLANG_WARN_DEPRECATED_OBJC_IMPLEMENTATIONS = YES;
				CLANG_WARN_DIRECT_OBJC_ISA_USAGE = YES_ERROR;
				CLANG_WARN_DOCUMENTATION_COMMENTS = YES;
				CLANG_WARN_EMPTY_BODY = YES;
				CLANG_WARN_ENUM_CONVERSION = YES;
				CLANG_WARN_INFINITE_RECURSION = YES;
				CLANG_WARN_INT_CONVERSION = YES;
				CLANG_WARN_NON_LITERAL_NULL_CONVERSION = YES;
				CLANG_WARN_OBJC_IMPLICIT_RETAIN_SELF = YES;
				CLANG_WARN_OBJC_LITERAL_CONVERSION = YES;
				CLANG_WARN_OBJC_ROOT_CLASS = YES_ERROR;
				CLANG_WARN_QUOTED_INCLUDE_IN_FRAMEWORK_HEADER = YES;
				CLANG_WARN_RANGE_LOOP_ANALYSIS = YES;
				CLANG_WARN_STRICT_PROTOTYPES = YES;
				CLANG_WARN_SUSPICIOUS_MOVE = YES;
				CLANG_WARN_UNGUARDED_AVAILABILITY = YES_AGGRESSIVE;
				CLANG_WARN_UNREACHABLE_CODE = YES;
				CLANG_WARN__DUPLICATE_METHOD_MATCH = YES;
				COPY_PHASE_STRIP = NO;
				DEBUG_INFORMATION_FORMAT = dwarf;
				ENABLE_STRICT_OBJC_MSGSEND = YES;
				ENABLE_TESTABILITY = YES;
				GCC_C_LANGUAGE_STANDARD = gnu11;
				GCC_DYNAMIC_NO_PIC = NO;
				GCC_NO_COMMON_BLOCKS = YES;
				GCC_OPTIMIZATION_LEVEL = 0;
				GCC_PREPROCESSOR_DEFINITIONS = (
					"DEBUG=1",
					"$(inherited)",
				);
				GCC_WARN_64_TO_32_BIT_CONVERSION = YES;
				GCC_WARN_ABOUT_RETURN_TYPE = YES_ERROR;
				GCC_WARN_UNDECLARED_SELECTOR = YES;
				GCC_WARN_UNINITIALIZED_AUTOS = YES_AGGRESSIVE;
				GCC_WARN_UNUSED_FUNCTION = YES;
				GCC_WARN_UNUSED_VARIABLE = YES;
				IPHONEOS_DEPLOYMENT_TARGET = 15.4;
				MTL_ENABLE_DEBUG_INFO = INCLUDE_SOURCE;
				MTL_FAST_MATH = YES;
				ONLY_ACTIVE_ARCH = YES;
				SDKROOT = iphoneos;
				SWIFT_ACTIVE_COMPILATION_CONDITIONS = DEBUG;
				SWIFT_OPTIMIZATION_LEVEL = "-Onone";
			};
			name = Debug;
		};
		EF58DB132872CEA100FEBE24 /* Release */ = {
			isa = XCBuildConfiguration;
			buildSettings = {
				ALWAYS_SEARCH_USER_PATHS = NO;
				CLANG_ANALYZER_NONNULL = YES;
				CLANG_ANALYZER_NUMBER_OBJECT_CONVERSION = YES_AGGRESSIVE;
				CLANG_CXX_LANGUAGE_STANDARD = "gnu++17";
				CLANG_ENABLE_MODULES = YES;
				CLANG_ENABLE_OBJC_ARC = YES;
				CLANG_ENABLE_OBJC_WEAK = YES;
				CLANG_WARN_BLOCK_CAPTURE_AUTORELEASING = YES;
				CLANG_WARN_BOOL_CONVERSION = YES;
				CLANG_WARN_COMMA = YES;
				CLANG_WARN_CONSTANT_CONVERSION = YES;
				CLANG_WARN_DEPRECATED_OBJC_IMPLEMENTATIONS = YES;
				CLANG_WARN_DIRECT_OBJC_ISA_USAGE = YES_ERROR;
				CLANG_WARN_DOCUMENTATION_COMMENTS = YES;
				CLANG_WARN_EMPTY_BODY = YES;
				CLANG_WARN_ENUM_CONVERSION = YES;
				CLANG_WARN_INFINITE_RECURSION = YES;
				CLANG_WARN_INT_CONVERSION = YES;
				CLANG_WARN_NON_LITERAL_NULL_CONVERSION = YES;
				CLANG_WARN_OBJC_IMPLICIT_RETAIN_SELF = YES;
				CLANG_WARN_OBJC_LITERAL_CONVERSION = YES;
				CLANG_WARN_OBJC_ROOT_CLASS = YES_ERROR;
				CLANG_WARN_QUOTED_INCLUDE_IN_FRAMEWORK_HEADER = YES;
				CLANG_WARN_RANGE_LOOP_ANALYSIS = YES;
				CLANG_WARN_STRICT_PROTOTYPES = YES;
				CLANG_WARN_SUSPICIOUS_MOVE = YES;
				CLANG_WARN_UNGUARDED_AVAILABILITY = YES_AGGRESSIVE;
				CLANG_WARN_UNREACHABLE_CODE = YES;
				CLANG_WARN__DUPLICATE_METHOD_MATCH = YES;
				COPY_PHASE_STRIP = NO;
				DEBUG_INFORMATION_FORMAT = "dwarf-with-dsym";
				ENABLE_NS_ASSERTIONS = NO;
				ENABLE_STRICT_OBJC_MSGSEND = YES;
				GCC_C_LANGUAGE_STANDARD = gnu11;
				GCC_NO_COMMON_BLOCKS = YES;
				GCC_WARN_64_TO_32_BIT_CONVERSION = YES;
				GCC_WARN_ABOUT_RETURN_TYPE = YES_ERROR;
				GCC_WARN_UNDECLARED_SELECTOR = YES;
				GCC_WARN_UNINITIALIZED_AUTOS = YES_AGGRESSIVE;
				GCC_WARN_UNUSED_FUNCTION = YES;
				GCC_WARN_UNUSED_VARIABLE = YES;
				IPHONEOS_DEPLOYMENT_TARGET = 15.4;
				MTL_ENABLE_DEBUG_INFO = NO;
				MTL_FAST_MATH = YES;
				SDKROOT = iphoneos;
				SWIFT_COMPILATION_MODE = wholemodule;
				SWIFT_OPTIMIZATION_LEVEL = "-O";
				VALIDATE_PRODUCT = YES;
			};
			name = Release;
		};
		EF58DB152872CEA100FEBE24 /* Debug */ = {
			isa = XCBuildConfiguration;
			buildSettings = {
				ALWAYS_EMBED_SWIFT_STANDARD_LIBRARIES = YES;
				ASSETCATALOG_COMPILER_APPICON_NAME = AppIcon;
				ASSETCATALOG_COMPILER_GLOBAL_ACCENT_COLOR_NAME = AccentColor;
				CODE_SIGN_STYLE = Automatic;
				CURRENT_PROJECT_VERSION = 1;
				DEVELOPMENT_TEAM = 8683DU5JVT;
				GENERATE_INFOPLIST_FILE = YES;
				INFOPLIST_FILE = Project19/Info.plist;
				INFOPLIST_KEY_UIApplicationSupportsIndirectInputEvents = YES;
				INFOPLIST_KEY_UILaunchStoryboardName = LaunchScreen;
				INFOPLIST_KEY_UIMainStoryboardFile = Main;
				INFOPLIST_KEY_UISupportedInterfaceOrientations_iPad = "UIInterfaceOrientationPortrait UIInterfaceOrientationPortraitUpsideDown UIInterfaceOrientationLandscapeLeft UIInterfaceOrientationLandscapeRight";
				INFOPLIST_KEY_UISupportedInterfaceOrientations_iPhone = "UIInterfaceOrientationPortrait UIInterfaceOrientationLandscapeLeft UIInterfaceOrientationLandscapeRight";
				LD_RUNPATH_SEARCH_PATHS = (
					"$(inherited)",
					"@executable_path/Frameworks",
				);
				MARKETING_VERSION = 1.0;
				PRODUCT_BUNDLE_IDENTIFIER = study.Project19;
				PRODUCT_NAME = "$(TARGET_NAME)";
				SWIFT_EMIT_LOC_STRINGS = YES;
				SWIFT_VERSION = 5.0;
				TARGETED_DEVICE_FAMILY = "1,2";
			};
			name = Debug;
		};
		EF58DB162872CEA100FEBE24 /* Release */ = {
			isa = XCBuildConfiguration;
			buildSettings = {
				ALWAYS_EMBED_SWIFT_STANDARD_LIBRARIES = YES;
				ASSETCATALOG_COMPILER_APPICON_NAME = AppIcon;
				ASSETCATALOG_COMPILER_GLOBAL_ACCENT_COLOR_NAME = AccentColor;
				CODE_SIGN_STYLE = Automatic;
				CURRENT_PROJECT_VERSION = 1;
				DEVELOPMENT_TEAM = 8683DU5JVT;
				GENERATE_INFOPLIST_FILE = YES;
				INFOPLIST_FILE = Project19/Info.plist;
				INFOPLIST_KEY_UIApplicationSupportsIndirectInputEvents = YES;
				INFOPLIST_KEY_UILaunchStoryboardName = LaunchScreen;
				INFOPLIST_KEY_UIMainStoryboardFile = Main;
				INFOPLIST_KEY_UISupportedInterfaceOrientations_iPad = "UIInterfaceOrientationPortrait UIInterfaceOrientationPortraitUpsideDown UIInterfaceOrientationLandscapeLeft UIInterfaceOrientationLandscapeRight";
				INFOPLIST_KEY_UISupportedInterfaceOrientations_iPhone = "UIInterfaceOrientationPortrait UIInterfaceOrientationLandscapeLeft UIInterfaceOrientationLandscapeRight";
				LD_RUNPATH_SEARCH_PATHS = (
					"$(inherited)",
					"@executable_path/Frameworks",
				);
				MARKETING_VERSION = 1.0;
				PRODUCT_BUNDLE_IDENTIFIER = study.Project19;
				PRODUCT_NAME = "$(TARGET_NAME)";
				SWIFT_EMIT_LOC_STRINGS = YES;
				SWIFT_VERSION = 5.0;
				TARGETED_DEVICE_FAMILY = "1,2";
			};
			name = Release;
		};
		EF58DB2C2872D16100FEBE24 /* Debug */ = {
			isa = XCBuildConfiguration;
			buildSettings = {
				CODE_SIGN_STYLE = Automatic;
				CURRENT_PROJECT_VERSION = 1;
				DEVELOPMENT_TEAM = 8683DU5JVT;
				GENERATE_INFOPLIST_FILE = YES;
				INFOPLIST_FILE = Extension/Info.plist;
				INFOPLIST_KEY_CFBundleDisplayName = Extension;
				INFOPLIST_KEY_NSHumanReadableCopyright = "";
				LD_RUNPATH_SEARCH_PATHS = (
					"$(inherited)",
					"@executable_path/Frameworks",
					"@executable_path/../../Frameworks",
				);
				MARKETING_VERSION = 1.0;
				PRODUCT_BUNDLE_IDENTIFIER = study.Project19.Extension;
				PRODUCT_NAME = "$(TARGET_NAME)";
				SKIP_INSTALL = YES;
				SWIFT_EMIT_LOC_STRINGS = YES;
				SWIFT_VERSION = 5.0;
				TARGETED_DEVICE_FAMILY = "1,2";
			};
			name = Debug;
		};
		EF58DB2D2872D16100FEBE24 /* Release */ = {
			isa = XCBuildConfiguration;
			buildSettings = {
				CODE_SIGN_STYLE = Automatic;
				CURRENT_PROJECT_VERSION = 1;
				DEVELOPMENT_TEAM = 8683DU5JVT;
				GENERATE_INFOPLIST_FILE = YES;
				INFOPLIST_FILE = Extension/Info.plist;
				INFOPLIST_KEY_CFBundleDisplayName = Extension;
				INFOPLIST_KEY_NSHumanReadableCopyright = "";
				LD_RUNPATH_SEARCH_PATHS = (
					"$(inherited)",
					"@executable_path/Frameworks",
					"@executable_path/../../Frameworks",
				);
				MARKETING_VERSION = 1.0;
				PRODUCT_BUNDLE_IDENTIFIER = study.Project19.Extension;
				PRODUCT_NAME = "$(TARGET_NAME)";
				SKIP_INSTALL = YES;
				SWIFT_EMIT_LOC_STRINGS = YES;
				SWIFT_VERSION = 5.0;
				TARGETED_DEVICE_FAMILY = "1,2";
			};
			name = Release;
		};
/* End XCBuildConfiguration section */

/* Begin XCConfigurationList section */
		EF58DAFB2872CE9A00FEBE24 /* Build configuration list for PBXProject "Project19" */ = {
			isa = XCConfigurationList;
			buildConfigurations = (
				EF58DB122872CEA100FEBE24 /* Debug */,
				EF58DB132872CEA100FEBE24 /* Release */,
			);
			defaultConfigurationIsVisible = 0;
			defaultConfigurationName = Release;
		};
		EF58DB142872CEA100FEBE24 /* Build configuration list for PBXNativeTarget "Project19" */ = {
			isa = XCConfigurationList;
			buildConfigurations = (
				EF58DB152872CEA100FEBE24 /* Debug */,
				EF58DB162872CEA100FEBE24 /* Release */,
			);
			defaultConfigurationIsVisible = 0;
			defaultConfigurationName = Release;
		};
		EF58DB2B2872D16100FEBE24 /* Build configuration list for PBXNativeTarget "Extension" */ = {
			isa = XCConfigurationList;
			buildConfigurations = (
				EF58DB2C2872D16100FEBE24 /* Debug */,
				EF58DB2D2872D16100FEBE24 /* Release */,
			);
			defaultConfigurationIsVisible = 0;
			defaultConfigurationName = Release;
		};
/* End XCConfigurationList section */
	};
	rootObject = EF58DAF82872CE9A00FEBE24 /* Project object */;
}
