// !$*UTF8*$!
{
	archiveVersion = 1;
	classes = {
	};
	objectVersion = 55;
	objects = {

/* Begin PBXBuildFile section */
		EF8CEBD828461027003BB2EF /* AppDelegate.swift in Sources */ = {isa = PBXBuildFile; fileRef = EF8CEBD728461027003BB2EF /* AppDelegate.swift */; };
		EF8CEBDA28461027003BB2EF /* SceneDelegate.swift in Sources */ = {isa = PBXBuildFile; fileRef = EF8CEBD928461027003BB2EF /* SceneDelegate.swift */; };
		EF8CEBDC28461027003BB2EF /* ViewController.swift in Sources */ = {isa = PBXBuildFile; fileRef = EF8CEBDB28461027003BB2EF /* ViewController.swift */; };
		EF8CEBDF28461027003BB2EF /* Main.storyboard in Resources */ = {isa = PBXBuildFile; fileRef = EF8CEBDD28461027003BB2EF /* Main.storyboard */; };
		EF8CEBE128461029003BB2EF /* Assets.xcassets in Resources */ = {isa = PBXBuildFile; fileRef = EF8CEBE028461029003BB2EF /* Assets.xcassets */; };
		EF8CEBE428461029003BB2EF /* LaunchScreen.storyboard in Resources */ = {isa = PBXBuildFile; fileRef = EF8CEBE228461029003BB2EF /* LaunchScreen.storyboard */; };
		EF8CEBF628461074003BB2EF /* nssl0049.jpg in Resources */ = {isa = PBXBuildFile; fileRef = EF8CEBEC28461074003BB2EF /* nssl0049.jpg */; };
		EF8CEBF728461074003BB2EF /* nssl0046.jpg in Resources */ = {isa = PBXBuildFile; fileRef = EF8CEBED28461074003BB2EF /* nssl0046.jpg */; };
		EF8CEBF828461074003BB2EF /* nssl0091.jpg in Resources */ = {isa = PBXBuildFile; fileRef = EF8CEBEE28461074003BB2EF /* nssl0091.jpg */; };
		EF8CEBF928461074003BB2EF /* nssl0045.jpg in Resources */ = {isa = PBXBuildFile; fileRef = EF8CEBEF28461074003BB2EF /* nssl0045.jpg */; };
		EF8CEBFA28461074003BB2EF /* nssl0051.jpg in Resources */ = {isa = PBXBuildFile; fileRef = EF8CEBF028461074003BB2EF /* nssl0051.jpg */; };
		EF8CEBFB28461074003BB2EF /* nssl0041.jpg in Resources */ = {isa = PBXBuildFile; fileRef = EF8CEBF128461074003BB2EF /* nssl0041.jpg */; };
		EF8CEBFC28461074003BB2EF /* nssl0042.jpg in Resources */ = {isa = PBXBuildFile; fileRef = EF8CEBF228461074003BB2EF /* nssl0042.jpg */; };
		EF8CEBFD28461074003BB2EF /* nssl0043.jpg in Resources */ = {isa = PBXBuildFile; fileRef = EF8CEBF328461074003BB2EF /* nssl0043.jpg */; };
		EF8CEBFE28461074003BB2EF /* nssl0033.jpg in Resources */ = {isa = PBXBuildFile; fileRef = EF8CEBF428461074003BB2EF /* nssl0033.jpg */; };
		EF8CEBFF28461074003BB2EF /* nssl0034.jpg in Resources */ = {isa = PBXBuildFile; fileRef = EF8CEBF528461074003BB2EF /* nssl0034.jpg */; };
		EF8CEC0128474F3B003BB2EF /* DetailViewController.swift in Sources */ = {isa = PBXBuildFile; fileRef = EF8CEC0028474F3B003BB2EF /* DetailViewController.swift */; };
/* End PBXBuildFile section */

/* Begin PBXFileReference section */
		EF8CEBD428461027003BB2EF /* Project1.app */ = {isa = PBXFileReference; explicitFileType = wrapper.application; includeInIndex = 0; path = Project1.app; sourceTree = BUILT_PRODUCTS_DIR; };
		EF8CEBD728461027003BB2EF /* AppDelegate.swift */ = {isa = PBXFileReference; lastKnownFileType = sourcecode.swift; path = AppDelegate.swift; sourceTree = "<group>"; };
		EF8CEBD928461027003BB2EF /* SceneDelegate.swift */ = {isa = PBXFileReference; lastKnownFileType = sourcecode.swift; path = SceneDelegate.swift; sourceTree = "<group>"; };
		EF8CEBDB28461027003BB2EF /* ViewController.swift */ = {isa = PBXFileReference; lastKnownFileType = sourcecode.swift; path = ViewController.swift; sourceTree = "<group>"; };
		EF8CEBDE28461027003BB2EF /* Base */ = {isa = PBXFileReference; lastKnownFileType = file.storyboard; name = Base; path = Base.lproj/Main.storyboard; sourceTree = "<group>"; };
		EF8CEBE028461029003BB2EF /* Assets.xcassets */ = {isa = PBXFileReference; lastKnownFileType = folder.assetcatalog; path = Assets.xcassets; sourceTree = "<group>"; };
		EF8CEBE328461029003BB2EF /* Base */ = {isa = PBXFileReference; lastKnownFileType = file.storyboard; name = Base; path = Base.lproj/LaunchScreen.storyboard; sourceTree = "<group>"; };
		EF8CEBE528461029003BB2EF /* Info.plist */ = {isa = PBXFileReference; lastKnownFileType = text.plist.xml; path = Info.plist; sourceTree = "<group>"; };
		EF8CEBEC28461074003BB2EF /* nssl0049.jpg */ = {isa = PBXFileReference; lastKnownFileType = image.jpeg; path = nssl0049.jpg; sourceTree = "<group>"; };
		EF8CEBED28461074003BB2EF /* nssl0046.jpg */ = {isa = PBXFileReference; lastKnownFileType = image.jpeg; path = nssl0046.jpg; sourceTree = "<group>"; };
		EF8CEBEE28461074003BB2EF /* nssl0091.jpg */ = {isa = PBXFileReference; lastKnownFileType = image.jpeg; path = nssl0091.jpg; sourceTree = "<group>"; };
		EF8CEBEF28461074003BB2EF /* nssl0045.jpg */ = {isa = PBXFileReference; lastKnownFileType = image.jpeg; path = nssl0045.jpg; sourceTree = "<group>"; };
		EF8CEBF028461074003BB2EF /* nssl0051.jpg */ = {isa = PBXFileReference; lastKnownFileType = image.jpeg; path = nssl0051.jpg; sourceTree = "<group>"; };
		EF8CEBF128461074003BB2EF /* nssl0041.jpg */ = {isa = PBXFileReference; lastKnownFileType = image.jpeg; path = nssl0041.jpg; sourceTree = "<group>"; };
		EF8CEBF228461074003BB2EF /* nssl0042.jpg */ = {isa = PBXFileReference; lastKnownFileType = image.jpeg; path = nssl0042.jpg; sourceTree = "<group>"; };
		EF8CEBF328461074003BB2EF /* nssl0043.jpg */ = {isa = PBXFileReference; lastKnownFileType = image.jpeg; path = nssl0043.jpg; sourceTree = "<group>"; };
		EF8CEBF428461074003BB2EF /* nssl0033.jpg */ = {isa = PBXFileReference; lastKnownFileType = image.jpeg; path = nssl0033.jpg; sourceTree = "<group>"; };
		EF8CEBF528461074003BB2EF /* nssl0034.jpg */ = {isa = PBXFileReference; lastKnownFileType = image.jpeg; path = nssl0034.jpg; sourceTree = "<group>"; };
		EF8CEC0028474F3B003BB2EF /* DetailViewController.swift */ = {isa = PBXFileReference; lastKnownFileType = sourcecode.swift; path = DetailViewController.swift; sourceTree = "<group>"; };
/* End PBXFileReference section */

/* Begin PBXFrameworksBuildPhase section */
		EF8CEBD128461027003BB2EF /* Frameworks */ = {
			isa = PBXFrameworksBuildPhase;
			buildActionMask = 2147483647;
			files = (
			);
			runOnlyForDeploymentPostprocessing = 0;
		};
/* End PBXFrameworksBuildPhase section */

/* Begin PBXGroup section */
		EF8CEBCB28461027003BB2EF = {
			isa = PBXGroup;
			children = (
				EF8CEBD628461027003BB2EF /* Project1 */,
				EF8CEBD528461027003BB2EF /* Products */,
			);
			sourceTree = "<group>";
		};
		EF8CEBD528461027003BB2EF /* Products */ = {
			isa = PBXGroup;
			children = (
				EF8CEBD428461027003BB2EF /* Project1.app */,
			);
			name = Products;
			sourceTree = "<group>";
		};
		EF8CEBD628461027003BB2EF /* Project1 */ = {
			isa = PBXGroup;
			children = (
				EF8CEBD728461027003BB2EF /* AppDelegate.swift */,
				EF8CEBD928461027003BB2EF /* SceneDelegate.swift */,
				EF8CEBDB28461027003BB2EF /* ViewController.swift */,
				EF8CEC0028474F3B003BB2EF /* DetailViewController.swift */,
				EF8CEBDD28461027003BB2EF /* Main.storyboard */,
				EF8CEBE028461029003BB2EF /* Assets.xcassets */,
				EF8CEBE228461029003BB2EF /* LaunchScreen.storyboard */,
				EF8CEBE528461029003BB2EF /* Info.plist */,
				EF8CEBEB28461074003BB2EF /* Content */,
			);
			path = Project1;
			sourceTree = "<group>";
		};
		EF8CEBEB28461074003BB2EF /* Content */ = {
			isa = PBXGroup;
			children = (
				EF8CEBEC28461074003BB2EF /* nssl0049.jpg */,
				EF8CEBED28461074003BB2EF /* nssl0046.jpg */,
				EF8CEBEE28461074003BB2EF /* nssl0091.jpg */,
				EF8CEBEF28461074003BB2EF /* nssl0045.jpg */,
				EF8CEBF028461074003BB2EF /* nssl0051.jpg */,
				EF8CEBF128461074003BB2EF /* nssl0041.jpg */,
				EF8CEBF228461074003BB2EF /* nssl0042.jpg */,
				EF8CEBF328461074003BB2EF /* nssl0043.jpg */,
				EF8CEBF428461074003BB2EF /* nssl0033.jpg */,
				EF8CEBF528461074003BB2EF /* nssl0034.jpg */,
			);
			path = Content;
			sourceTree = "<group>";
		};
/* End PBXGroup section */

/* Begin PBXNativeTarget section */
		EF8CEBD328461027003BB2EF /* Project1 */ = {
			isa = PBXNativeTarget;
			buildConfigurationList = EF8CEBE828461029003BB2EF /* Build configuration list for PBXNativeTarget "Project1" */;
			buildPhases = (
				EF8CEBD028461027003BB2EF /* Sources */,
				EF8CEBD128461027003BB2EF /* Frameworks */,
				EF8CEBD228461027003BB2EF /* Resources */,
			);
			buildRules = (
			);
			dependencies = (
			);
			name = Project1;
			productName = Project1;
			productReference = EF8CEBD428461027003BB2EF /* Project1.app */;
			productType = "com.apple.product-type.application";
		};
/* End PBXNativeTarget section */

/* Begin PBXProject section */
		EF8CEBCC28461027003BB2EF /* Project object */ = {
			isa = PBXProject;
			attributes = {
				BuildIndependentTargetsInParallel = 1;
				LastSwiftUpdateCheck = 1330;
				LastUpgradeCheck = 1330;
				TargetAttributes = {
					EF8CEBD328461027003BB2EF = {
						CreatedOnToolsVersion = 13.3;
					};
				};
			};
			buildConfigurationList = EF8CEBCF28461027003BB2EF /* Build configuration list for PBXProject "Project1" */;
			compatibilityVersion = "Xcode 13.0";
			developmentRegion = en;
			hasScannedForEncodings = 0;
			knownRegions = (
				en,
				Base,
			);
			mainGroup = EF8CEBCB28461027003BB2EF;
			productRefGroup = EF8CEBD528461027003BB2EF /* Products */;
			projectDirPath = "";
			projectRoot = "";
			targets = (
				EF8CEBD328461027003BB2EF /* Project1 */,
			);
		};
/* End PBXProject section */

/* Begin PBXResourcesBuildPhase section */
		EF8CEBD228461027003BB2EF /* Resources */ = {
			isa = PBXResourcesBuildPhase;
			buildActionMask = 2147483647;
			files = (
				EF8CEBF728461074003BB2EF /* nssl0046.jpg in Resources */,
				EF8CEBFE28461074003BB2EF /* nssl0033.jpg in Resources */,
				EF8CEBFA28461074003BB2EF /* nssl0051.jpg in Resources */,
				EF8CEBF828461074003BB2EF /* nssl0091.jpg in Resources */,
				EF8CEBFD28461074003BB2EF /* nssl0043.jpg in Resources */,
				EF8CEBFF28461074003BB2EF /* nssl0034.jpg in Resources */,
				EF8CEBF628461074003BB2EF /* nssl0049.jpg in Resources */,
				EF8CEBFB28461074003BB2EF /* nssl0041.jpg in Resources */,
				EF8CEBFC28461074003BB2EF /* nssl0042.jpg in Resources */,
				EF8CEBE428461029003BB2EF /* LaunchScreen.storyboard in Resources */,
				EF8CEBE128461029003BB2EF /* Assets.xcassets in Resources */,
				EF8CEBF928461074003BB2EF /* nssl0045.jpg in Resources */,
				EF8CEBDF28461027003BB2EF /* Main.storyboard in Resources */,
			);
			runOnlyForDeploymentPostprocessing = 0;
		};
/* End PBXResourcesBuildPhase section */

/* Begin PBXSourcesBuildPhase section */
		EF8CEBD028461027003BB2EF /* Sources */ = {
			isa = PBXSourcesBuildPhase;
			buildActionMask = 2147483647;
			files = (
				EF8CEBDC28461027003BB2EF /* ViewController.swift in Sources */,
				EF8CEBD828461027003BB2EF /* AppDelegate.swift in Sources */,
				EF8CEBDA28461027003BB2EF /* SceneDelegate.swift in Sources */,
				EF8CEC0128474F3B003BB2EF /* DetailViewController.swift in Sources */,
			);
			runOnlyForDeploymentPostprocessing = 0;
		};
/* End PBXSourcesBuildPhase section */

/* Begin PBXVariantGroup section */
		EF8CEBDD28461027003BB2EF /* Main.storyboard */ = {
			isa = PBXVariantGroup;
			children = (
				EF8CEBDE28461027003BB2EF /* Base */,
			);
			name = Main.storyboard;
			sourceTree = "<group>";
		};
		EF8CEBE228461029003BB2EF /* LaunchScreen.storyboard */ = {
			isa = PBXVariantGroup;
			children = (
				EF8CEBE328461029003BB2EF /* Base */,
			);
			name = LaunchScreen.storyboard;
			sourceTree = "<group>";
		};
/* End PBXVariantGroup section */

/* Begin XCBuildConfiguration section */
		EF8CEBE628461029003BB2EF /* Debug */ = {
			isa = XCBuildConfiguration;
			buildSettings = {
				ALWAYS_SEARCH_USER_PATHS = NO;
				CLANG_ANALYZER_NONNULL = YES;
				CLANG_ANALYZER_NUMBER_OBJECT_CONVERSION = YES_AGGRESSIVE;
				CLANG_CXX_LANGUAGE_STANDARD = "gnu++17";
				CLANG_ENABLE_MODULES = YES;
				CLANG_ENABLE_OBJC_ARC = YES;
				CLANG_ENABLE_OBJC_WEAK = YES;
				CLANG_WARN_BLOCK_CAPTURE_AUTORELEASING = YES;
				CLANG_WARN_BOOL_CONVERSION = YES;
				CLANG_WARN_COMMA = YES;
				CLANG_WARN_CONSTANT_CONVERSION = YES;
				CLANG_WARN_DEPRECATED_OBJC_IMPLEMENTATIONS = YES;
				CLANG_WARN_DIRECT_OBJC_ISA_USAGE = YES_ERROR;
				CLANG_WARN_DOCUMENTATION_COMMENTS = YES;
				CLANG_WARN_EMPTY_BODY = YES;
				CLANG_WARN_ENUM_CONVERSION = YES;
				CLANG_WARN_INFINITE_RECURSION = YES;
				CLANG_WARN_INT_CONVERSION = YES;
				CLANG_WARN_NON_LITERAL_NULL_CONVERSION = YES;
				CLANG_WARN_OBJC_IMPLICIT_RETAIN_SELF = YES;
				CLANG_WARN_OBJC_LITERAL_CONVERSION = YES;
				CLANG_WARN_OBJC_ROOT_CLASS = YES_ERROR;
				CLANG_WARN_QUOTED_INCLUDE_IN_FRAMEWORK_HEADER = YES;
				CLANG_WARN_RANGE_LOOP_ANALYSIS = YES;
				CLANG_WARN_STRICT_PROTOTYPES = YES;
				CLANG_WARN_SUSPICIOUS_MOVE = YES;
				CLANG_WARN_UNGUARDED_AVAILABILITY = YES_AGGRESSIVE;
				CLANG_WARN_UNREACHABLE_CODE = YES;
				CLANG_WARN__DUPLICATE_METHOD_MATCH = YES;
				COPY_PHASE_STRIP = NO;
				DEBUG_INFORMATION_FORMAT = dwarf;
				ENABLE_STRICT_OBJC_MSGSEND = YES;
				ENABLE_TESTABILITY = YES;
				GCC_C_LANGUAGE_STANDARD = gnu11;
				GCC_DYNAMIC_NO_PIC = NO;
				GCC_NO_COMMON_BLOCKS = YES;
				GCC_OPTIMIZATION_LEVEL = 0;
				GCC_PREPROCESSOR_DEFINITIONS = (
					"DEBUG=1",
					"$(inherited)",
				);
				GCC_WARN_64_TO_32_BIT_CONVERSION = YES;
				GCC_WARN_ABOUT_RETURN_TYPE = YES_ERROR;
				GCC_WARN_UNDECLARED_SELECTOR = YES;
				GCC_WARN_UNINITIALIZED_AUTOS = YES_AGGRESSIVE;
				GCC_WARN_UNUSED_FUNCTION = YES;
				GCC_WARN_UNUSED_VARIABLE = YES;
				IPHONEOS_DEPLOYMENT_TARGET = 15.4;
				MTL_ENABLE_DEBUG_INFO = INCLUDE_SOURCE;
				MTL_FAST_MATH = YES;
				ONLY_ACTIVE_ARCH = YES;
				SDKROOT = iphoneos;
				SWIFT_ACTIVE_COMPILATION_CONDITIONS = DEBUG;
				SWIFT_OPTIMIZATION_LEVEL = "-Onone";
			};
			name = Debug;
		};
		EF8CEBE728461029003BB2EF /* Release */ = {
			isa = XCBuildConfiguration;
			buildSettings = {
				ALWAYS_SEARCH_USER_PATHS = NO;
				CLANG_ANALYZER_NONNULL = YES;
				CLANG_ANALYZER_NUMBER_OBJECT_CONVERSION = YES_AGGRESSIVE;
				CLANG_CXX_LANGUAGE_STANDARD = "gnu++17";
				CLANG_ENABLE_MODULES = YES;
				CLANG_ENABLE_OBJC_ARC = YES;
				CLANG_ENABLE_OBJC_WEAK = YES;
				CLANG_WARN_BLOCK_CAPTURE_AUTORELEASING = YES;
				CLANG_WARN_BOOL_CONVERSION = YES;
				CLANG_WARN_COMMA = YES;
				CLANG_WARN_CONSTANT_CONVERSION = YES;
				CLANG_WARN_DEPRECATED_OBJC_IMPLEMENTATIONS = YES;
				CLANG_WARN_DIRECT_OBJC_ISA_USAGE = YES_ERROR;
				CLANG_WARN_DOCUMENTATION_COMMENTS = YES;
				CLANG_WARN_EMPTY_BODY = YES;
				CLANG_WARN_ENUM_CONVERSION = YES;
				CLANG_WARN_INFINITE_RECURSION = YES;
				CLANG_WARN_INT_CONVERSION = YES;
				CLANG_WARN_NON_LITERAL_NULL_CONVERSION = YES;
				CLANG_WARN_OBJC_IMPLICIT_RETAIN_SELF = YES;
				CLANG_WARN_OBJC_LITERAL_CONVERSION = YES;
				CLANG_WARN_OBJC_ROOT_CLASS = YES_ERROR;
				CLANG_WARN_QUOTED_INCLUDE_IN_FRAMEWORK_HEADER = YES;
				CLANG_WARN_RANGE_LOOP_ANALYSIS = YES;
				CLANG_WARN_STRICT_PROTOTYPES = YES;
				CLANG_WARN_SUSPICIOUS_MOVE = YES;
				CLANG_WARN_UNGUARDED_AVAILABILITY = YES_AGGRESSIVE;
				CLANG_WARN_UNREACHABLE_CODE = YES;
				CLANG_WARN__DUPLICATE_METHOD_MATCH = YES;
				COPY_PHASE_STRIP = NO;
				DEBUG_INFORMATION_FORMAT = "dwarf-with-dsym";
				ENABLE_NS_ASSERTIONS = NO;
				ENABLE_STRICT_OBJC_MSGSEND = YES;
				GCC_C_LANGUAGE_STANDARD = gnu11;
				GCC_NO_COMMON_BLOCKS = YES;
				GCC_WARN_64_TO_32_BIT_CONVERSION = YES;
				GCC_WARN_ABOUT_RETURN_TYPE = YES_ERROR;
				GCC_WARN_UNDECLARED_SELECTOR = YES;
				GCC_WARN_UNINITIALIZED_AUTOS = YES_AGGRESSIVE;
				GCC_WARN_UNUSED_FUNCTION = YES;
				GCC_WARN_UNUSED_VARIABLE = YES;
				IPHONEOS_DEPLOYMENT_TARGET = 15.4;
				MTL_ENABLE_DEBUG_INFO = NO;
				MTL_FAST_MATH = YES;
				SDKROOT = iphoneos;
				SWIFT_COMPILATION_MODE = wholemodule;
				SWIFT_OPTIMIZATION_LEVEL = "-O";
				VALIDATE_PRODUCT = YES;
			};
			name = Release;
		};
		EF8CEBE928461029003BB2EF /* Debug */ = {
			isa = XCBuildConfiguration;
			buildSettings = {
				ASSETCATALOG_COMPILER_APPICON_NAME = AppIcon;
				ASSETCATALOG_COMPILER_GLOBAL_ACCENT_COLOR_NAME = AccentColor;
				CODE_SIGN_STYLE = Automatic;
				CURRENT_PROJECT_VERSION = 1;
				DEVELOPMENT_TEAM = 8683DU5JVT;
				GENERATE_INFOPLIST_FILE = YES;
				INFOPLIST_FILE = Project1/Info.plist;
				INFOPLIST_KEY_UIApplicationSupportsIndirectInputEvents = YES;
				INFOPLIST_KEY_UILaunchStoryboardName = LaunchScreen;
				INFOPLIST_KEY_UIMainStoryboardFile = Main;
				INFOPLIST_KEY_UISupportedInterfaceOrientations_iPad = "UIInterfaceOrientationPortrait UIInterfaceOrientationPortraitUpsideDown UIInterfaceOrientationLandscapeLeft UIInterfaceOrientationLandscapeRight";
				INFOPLIST_KEY_UISupportedInterfaceOrientations_iPhone = "UIInterfaceOrientationPortrait UIInterfaceOrientationLandscapeLeft UIInterfaceOrientationLandscapeRight";
				LD_RUNPATH_SEARCH_PATHS = (
					"$(inherited)",
					"@executable_path/Frameworks",
				);
				MARKETING_VERSION = 1.0;
				PRODUCT_BUNDLE_IDENTIFIER = study.Project1;
				PRODUCT_NAME = "$(TARGET_NAME)";
				SWIFT_EMIT_LOC_STRINGS = YES;
				SWIFT_VERSION = 5.0;
				TARGETED_DEVICE_FAMILY = "1,2";
			};
			name = Debug;
		};
		EF8CEBEA28461029003BB2EF /* Release */ = {
			isa = XCBuildConfiguration;
			buildSettings = {
				ASSETCATALOG_COMPILER_APPICON_NAME = AppIcon;
				ASSETCATALOG_COMPILER_GLOBAL_ACCENT_COLOR_NAME = AccentColor;
				CODE_SIGN_STYLE = Automatic;
				CURRENT_PROJECT_VERSION = 1;
				DEVELOPMENT_TEAM = 8683DU5JVT;
				GENERATE_INFOPLIST_FILE = YES;
				INFOPLIST_FILE = Project1/Info.plist;
				INFOPLIST_KEY_UIApplicationSupportsIndirectInputEvents = YES;
				INFOPLIST_KEY_UILaunchStoryboardName = LaunchScreen;
				INFOPLIST_KEY_UIMainStoryboardFile = Main;
				INFOPLIST_KEY_UISupportedInterfaceOrientations_iPad = "UIInterfaceOrientationPortrait UIInterfaceOrientationPortraitUpsideDown UIInterfaceOrientationLandscapeLeft UIInterfaceOrientationLandscapeRight";
				INFOPLIST_KEY_UISupportedInterfaceOrientations_iPhone = "UIInterfaceOrientationPortrait UIInterfaceOrientationLandscapeLeft UIInterfaceOrientationLandscapeRight";
				LD_RUNPATH_SEARCH_PATHS = (
					"$(inherited)",
					"@executable_path/Frameworks",
				);
				MARKETING_VERSION = 1.0;
				PRODUCT_BUNDLE_IDENTIFIER = study.Project1;
				PRODUCT_NAME = "$(TARGET_NAME)";
				SWIFT_EMIT_LOC_STRINGS = YES;
				SWIFT_VERSION = 5.0;
				TARGETED_DEVICE_FAMILY = "1,2";
			};
			name = Release;
		};
/* End XCBuildConfiguration section */

/* Begin XCConfigurationList section */
		EF8CEBCF28461027003BB2EF /* Build configuration list for PBXProject "Project1" */ = {
			isa = XCConfigurationList;
			buildConfigurations = (
				EF8CEBE628461029003BB2EF /* Debug */,
				EF8CEBE728461029003BB2EF /* Release */,
			);
			defaultConfigurationIsVisible = 0;
			defaultConfigurationName = Release;
		};
		EF8CEBE828461029003BB2EF /* Build configuration list for PBXNativeTarget "Project1" */ = {
			isa = XCConfigurationList;
			buildConfigurations = (
				EF8CEBE928461029003BB2EF /* Debug */,
				EF8CEBEA28461029003BB2EF /* Release */,
			);
			defaultConfigurationIsVisible = 0;
			defaultConfigurationName = Release;
		};
/* End XCConfigurationList section */
	};
	rootObject = EF8CEBCC28461027003BB2EF /* Project object */;
}
