// !$*UTF8*$!
{
	archiveVersion = 1;
	classes = {
	};
	objectVersion = 55;
	objects = {

/* Begin PBXBuildFile section */
		EF9DAA3828C08FE5008AA02C /* AppDelegate.swift in Sources */ = {isa = PBXBuildFile; fileRef = EF9DAA3728C08FE5008AA02C /* AppDelegate.swift */; };
		EF9DAA3A28C08FE5008AA02C /* SceneDelegate.swift in Sources */ = {isa = PBXBuildFile; fileRef = EF9DAA3928C08FE5008AA02C /* SceneDelegate.swift */; };
		EF9DAA3C28C08FE5008AA02C /* ViewController.swift in Sources */ = {isa = PBXBuildFile; fileRef = EF9DAA3B28C08FE5008AA02C /* ViewController.swift */; };
		EF9DAA3F28C08FE5008AA02C /* Main.storyboard in Resources */ = {isa = PBXBuildFile; fileRef = EF9DAA3D28C08FE5008AA02C /* Main.storyboard */; };
		EF9DAA4128C08FEA008AA02C /* Assets.xcassets in Resources */ = {isa = PBXBuildFile; fileRef = EF9DAA4028C08FEA008AA02C /* Assets.xcassets */; };
		EF9DAA4428C08FEA008AA02C /* LaunchScreen.storyboard in Resources */ = {isa = PBXBuildFile; fileRef = EF9DAA4228C08FEA008AA02C /* LaunchScreen.storyboard */; };
		EF9DAA4C28C09007008AA02C /* SwiftyJSON.swift in Sources */ = {isa = PBXBuildFile; fileRef = EF9DAA4B28C09007008AA02C /* SwiftyJSON.swift */; };
		EF9DAA4E28C09212008AA02C /* DetailViewController.swift in Sources */ = {isa = PBXBuildFile; fileRef = EF9DAA4D28C09212008AA02C /* DetailViewController.swift */; };
		EF9DAA5128C0949B008AA02C /* Project38.xcdatamodeld in Sources */ = {isa = PBXBuildFile; fileRef = EF9DAA4F28C0949B008AA02C /* Project38.xcdatamodeld */; };
		EF9DAA5428C09E06008AA02C /* Commit+CoreDataClass.swift in Sources */ = {isa = PBXBuildFile; fileRef = EF9DAA5228C09E06008AA02C /* Commit+CoreDataClass.swift */; };
		EF9DAA5528C09E06008AA02C /* Commit+CoreDataProperties.swift in Sources */ = {isa = PBXBuildFile; fileRef = EF9DAA5328C09E06008AA02C /* Commit+CoreDataProperties.swift */; };
		EF9DAA8F28C37281008AA02C /* Author+CoreDataClass.swift in Sources */ = {isa = PBXBuildFile; fileRef = EF9DAA8D28C37281008AA02C /* Author+CoreDataClass.swift */; };
		EF9DAA9028C37281008AA02C /* Author+CoreDataProperties.swift in Sources */ = {isa = PBXBuildFile; fileRef = EF9DAA8E28C37281008AA02C /* Author+CoreDataProperties.swift */; };
/* End PBXBuildFile section */

/* Begin PBXFileReference section */
		EF9DAA3428C08FE5008AA02C /* Project38.app */ = {isa = PBXFileReference; explicitFileType = wrapper.application; includeInIndex = 0; path = Project38.app; sourceTree = BUILT_PRODUCTS_DIR; };
		EF9DAA3728C08FE5008AA02C /* AppDelegate.swift */ = {isa = PBXFileReference; lastKnownFileType = sourcecode.swift; path = AppDelegate.swift; sourceTree = "<group>"; };
		EF9DAA3928C08FE5008AA02C /* SceneDelegate.swift */ = {isa = PBXFileReference; lastKnownFileType = sourcecode.swift; path = SceneDelegate.swift; sourceTree = "<group>"; };
		EF9DAA3B28C08FE5008AA02C /* ViewController.swift */ = {isa = PBXFileReference; lastKnownFileType = sourcecode.swift; path = ViewController.swift; sourceTree = "<group>"; };
		EF9DAA3E28C08FE5008AA02C /* Base */ = {isa = PBXFileReference; lastKnownFileType = file.storyboard; name = Base; path = Base.lproj/Main.storyboard; sourceTree = "<group>"; };
		EF9DAA4028C08FEA008AA02C /* Assets.xcassets */ = {isa = PBXFileReference; lastKnownFileType = folder.assetcatalog; path = Assets.xcassets; sourceTree = "<group>"; };
		EF9DAA4328C08FEA008AA02C /* Base */ = {isa = PBXFileReference; lastKnownFileType = file.storyboard; name = Base; path = Base.lproj/LaunchScreen.storyboard; sourceTree = "<group>"; };
		EF9DAA4528C08FEA008AA02C /* Info.plist */ = {isa = PBXFileReference; lastKnownFileType = text.plist.xml; path = Info.plist; sourceTree = "<group>"; };
		EF9DAA4B28C09007008AA02C /* SwiftyJSON.swift */ = {isa = PBXFileReference; fileEncoding = 4; lastKnownFileType = sourcecode.swift; path = SwiftyJSON.swift; sourceTree = "<group>"; };
		EF9DAA4D28C09212008AA02C /* DetailViewController.swift */ = {isa = PBXFileReference; lastKnownFileType = sourcecode.swift; path = DetailViewController.swift; sourceTree = "<group>"; };
		EF9DAA5028C0949B008AA02C /* Project38.xcdatamodel */ = {isa = PBXFileReference; lastKnownFileType = wrapper.xcdatamodel; path = Project38.xcdatamodel; sourceTree = "<group>"; };
		EF9DAA5228C09E06008AA02C /* Commit+CoreDataClass.swift */ = {isa = PBXFileReference; lastKnownFileType = sourcecode.swift; path = "Commit+CoreDataClass.swift"; sourceTree = SOURCE_ROOT; };
		EF9DAA5328C09E06008AA02C /* Commit+CoreDataProperties.swift */ = {isa = PBXFileReference; lastKnownFileType = sourcecode.swift; path = "Commit+CoreDataProperties.swift"; sourceTree = SOURCE_ROOT; };
		EF9DAA8D28C37281008AA02C /* Author+CoreDataClass.swift */ = {isa = PBXFileReference; lastKnownFileType = sourcecode.swift; path = "Author+CoreDataClass.swift"; sourceTree = SOURCE_ROOT; };
		EF9DAA8E28C37281008AA02C /* Author+CoreDataProperties.swift */ = {isa = PBXFileReference; lastKnownFileType = sourcecode.swift; path = "Author+CoreDataProperties.swift"; sourceTree = SOURCE_ROOT; };
/* End PBXFileReference section */

/* Begin PBXFrameworksBuildPhase section */
		EF9DAA3128C08FE5008AA02C /* Frameworks */ = {
			isa = PBXFrameworksBuildPhase;
			buildActionMask = 2147483647;
			files = (
			);
			runOnlyForDeploymentPostprocessing = 0;
		};
/* End PBXFrameworksBuildPhase section */

/* Begin PBXGroup section */
		EF9DAA2B28C08FE5008AA02C = {
			isa = PBXGroup;
			children = (
				EF9DAA3628C08FE5008AA02C /* Project38 */,
				EF9DAA3528C08FE5008AA02C /* Products */,
			);
			sourceTree = "<group>";
		};
		EF9DAA3528C08FE5008AA02C /* Products */ = {
			isa = PBXGroup;
			children = (
				EF9DAA3428C08FE5008AA02C /* Project38.app */,
			);
			name = Products;
			sourceTree = "<group>";
		};
		EF9DAA3628C08FE5008AA02C /* Project38 */ = {
			isa = PBXGroup;
			children = (
				EF9DAA8D28C37281008AA02C /* Author+CoreDataClass.swift */,
				EF9DAA8E28C37281008AA02C /* Author+CoreDataProperties.swift */,
				EF9DAA5228C09E06008AA02C /* Commit+CoreDataClass.swift */,
				EF9DAA5328C09E06008AA02C /* Commit+CoreDataProperties.swift */,
				EF9DAA3728C08FE5008AA02C /* AppDelegate.swift */,
				EF9DAA3928C08FE5008AA02C /* SceneDelegate.swift */,
				EF9DAA3B28C08FE5008AA02C /* ViewController.swift */,
				EF9DAA4D28C09212008AA02C /* DetailViewController.swift */,
				EF9DAA3D28C08FE5008AA02C /* Main.storyboard */,
				EF9DAA4F28C0949B008AA02C /* Project38.xcdatamodeld */,
				EF9DAA4028C08FEA008AA02C /* Assets.xcassets */,
				EF9DAA4228C08FEA008AA02C /* LaunchScreen.storyboard */,
				EF9DAA4528C08FEA008AA02C /* Info.plist */,
				EF9DAA4B28C09007008AA02C /* SwiftyJSON.swift */,
			);
			path = Project38;
			sourceTree = "<group>";
		};
/* End PBXGroup section */

/* Begin PBXNativeTarget section */
		EF9DAA3328C08FE5008AA02C /* Project38 */ = {
			isa = PBXNativeTarget;
			buildConfigurationList = EF9DAA4828C08FEA008AA02C /* Build configuration list for PBXNativeTarget "Project38" */;
			buildPhases = (
				EF9DAA3028C08FE5008AA02C /* Sources */,
				EF9DAA3128C08FE5008AA02C /* Frameworks */,
				EF9DAA3228C08FE5008AA02C /* Resources */,
			);
			buildRules = (
			);
			dependencies = (
			);
			name = Project38;
			productName = Project38;
			productReference = EF9DAA3428C08FE5008AA02C /* Project38.app */;
			productType = "com.apple.product-type.application";
		};
/* End PBXNativeTarget section */

/* Begin PBXProject section */
		EF9DAA2C28C08FE5008AA02C /* Project object */ = {
			isa = PBXProject;
			attributes = {
				BuildIndependentTargetsInParallel = 1;
				LastSwiftUpdateCheck = 1330;
				LastUpgradeCheck = 1330;
				TargetAttributes = {
					EF9DAA3328C08FE5008AA02C = {
						CreatedOnToolsVersion = 13.3;
					};
				};
			};
			buildConfigurationList = EF9DAA2F28C08FE5008AA02C /* Build configuration list for PBXProject "Project38" */;
			compatibilityVersion = "Xcode 13.0";
			developmentRegion = en;
			hasScannedForEncodings = 0;
			knownRegions = (
				en,
				Base,
			);
			mainGroup = EF9DAA2B28C08FE5008AA02C;
			productRefGroup = EF9DAA3528C08FE5008AA02C /* Products */;
			projectDirPath = "";
			projectRoot = "";
			targets = (
				EF9DAA3328C08FE5008AA02C /* Project38 */,
			);
		};
/* End PBXProject section */

/* Begin PBXResourcesBuildPhase section */
		EF9DAA3228C08FE5008AA02C /* Resources */ = {
			isa = PBXResourcesBuildPhase;
			buildActionMask = 2147483647;
			files = (
				EF9DAA4428C08FEA008AA02C /* LaunchScreen.storyboard in Resources */,
				EF9DAA4128C08FEA008AA02C /* Assets.xcassets in Resources */,
				EF9DAA3F28C08FE5008AA02C /* Main.storyboard in Resources */,
			);
			runOnlyForDeploymentPostprocessing = 0;
		};
/* End PBXResourcesBuildPhase section */

/* Begin PBXSourcesBuildPhase section */
		EF9DAA3028C08FE5008AA02C /* Sources */ = {
			isa = PBXSourcesBuildPhase;
			buildActionMask = 2147483647;
			files = (
				EF9DAA3C28C08FE5008AA02C /* ViewController.swift in Sources */,
				EF9DAA5428C09E06008AA02C /* Commit+CoreDataClass.swift in Sources */,
				EF9DAA3828C08FE5008AA02C /* AppDelegate.swift in Sources */,
				EF9DAA4E28C09212008AA02C /* DetailViewController.swift in Sources */,
				EF9DAA3A28C08FE5008AA02C /* SceneDelegate.swift in Sources */,
				EF9DAA5128C0949B008AA02C /* Project38.xcdatamodeld in Sources */,
				EF9DAA8F28C37281008AA02C /* Author+CoreDataClass.swift in Sources */,
				EF9DAA5528C09E06008AA02C /* Commit+CoreDataProperties.swift in Sources */,
				EF9DAA9028C37281008AA02C /* Author+CoreDataProperties.swift in Sources */,
				EF9DAA4C28C09007008AA02C /* SwiftyJSON.swift in Sources */,
			);
			runOnlyForDeploymentPostprocessing = 0;
		};
/* End PBXSourcesBuildPhase section */

/* Begin PBXVariantGroup section */
		EF9DAA3D28C08FE5008AA02C /* Main.storyboard */ = {
			isa = PBXVariantGroup;
			children = (
				EF9DAA3E28C08FE5008AA02C /* Base */,
			);
			name = Main.storyboard;
			sourceTree = "<group>";
		};
		EF9DAA4228C08FEA008AA02C /* LaunchScreen.storyboard */ = {
			isa = PBXVariantGroup;
			children = (
				EF9DAA4328C08FEA008AA02C /* Base */,
			);
			name = LaunchScreen.storyboard;
			sourceTree = "<group>";
		};
/* End PBXVariantGroup section */

/* Begin XCBuildConfiguration section */
		EF9DAA4628C08FEA008AA02C /* Debug */ = {
			isa = XCBuildConfiguration;
			buildSettings = {
				ALWAYS_SEARCH_USER_PATHS = NO;
				CLANG_ANALYZER_NONNULL = YES;
				CLANG_ANALYZER_NUMBER_OBJECT_CONVERSION = YES_AGGRESSIVE;
				CLANG_CXX_LANGUAGE_STANDARD = "gnu++17";
				CLANG_ENABLE_MODULES = YES;
				CLANG_ENABLE_OBJC_ARC = YES;
				CLANG_ENABLE_OBJC_WEAK = YES;
				CLANG_WARN_BLOCK_CAPTURE_AUTORELEASING = YES;
				CLANG_WARN_BOOL_CONVERSION = YES;
				CLANG_WARN_COMMA = YES;
				CLANG_WARN_CONSTANT_CONVERSION = YES;
				CLANG_WARN_DEPRECATED_OBJC_IMPLEMENTATIONS = YES;
				CLANG_WARN_DIRECT_OBJC_ISA_USAGE = YES_ERROR;
				CLANG_WARN_DOCUMENTATION_COMMENTS = YES;
				CLANG_WARN_EMPTY_BODY = YES;
				CLANG_WARN_ENUM_CONVERSION = YES;
				CLANG_WARN_INFINITE_RECURSION = YES;
				CLANG_WARN_INT_CONVERSION = YES;
				CLANG_WARN_NON_LITERAL_NULL_CONVERSION = YES;
				CLANG_WARN_OBJC_IMPLICIT_RETAIN_SELF = YES;
				CLANG_WARN_OBJC_LITERAL_CONVERSION = YES;
				CLANG_WARN_OBJC_ROOT_CLASS = YES_ERROR;
				CLANG_WARN_QUOTED_INCLUDE_IN_FRAMEWORK_HEADER = YES;
				CLANG_WARN_RANGE_LOOP_ANALYSIS = YES;
				CLANG_WARN_STRICT_PROTOTYPES = YES;
				CLANG_WARN_SUSPICIOUS_MOVE = YES;
				CLANG_WARN_UNGUARDED_AVAILABILITY = YES_AGGRESSIVE;
				CLANG_WARN_UNREACHABLE_CODE = YES;
				CLANG_WARN__DUPLICATE_METHOD_MATCH = YES;
				COPY_PHASE_STRIP = NO;
				DEBUG_INFORMATION_FORMAT = dwarf;
				ENABLE_STRICT_OBJC_MSGSEND = YES;
				ENABLE_TESTABILITY = YES;
				GCC_C_LANGUAGE_STANDARD = gnu11;
				GCC_DYNAMIC_NO_PIC = NO;
				GCC_NO_COMMON_BLOCKS = YES;
				GCC_OPTIMIZATION_LEVEL = 0;
				GCC_PREPROCESSOR_DEFINITIONS = (
					"DEBUG=1",
					"$(inherited)",
				);
				GCC_WARN_64_TO_32_BIT_CONVERSION = YES;
				GCC_WARN_ABOUT_RETURN_TYPE = YES_ERROR;
				GCC_WARN_UNDECLARED_SELECTOR = YES;
				GCC_WARN_UNINITIALIZED_AUTOS = YES_AGGRESSIVE;
				GCC_WARN_UNUSED_FUNCTION = YES;
				GCC_WARN_UNUSED_VARIABLE = YES;
				IPHONEOS_DEPLOYMENT_TARGET = 15.4;
				MTL_ENABLE_DEBUG_INFO = INCLUDE_SOURCE;
				MTL_FAST_MATH = YES;
				ONLY_ACTIVE_ARCH = YES;
				SDKROOT = iphoneos;
				SWIFT_ACTIVE_COMPILATION_CONDITIONS = DEBUG;
				SWIFT_OPTIMIZATION_LEVEL = "-Onone";
			};
			name = Debug;
		};
		EF9DAA4728C08FEA008AA02C /* Release */ = {
			isa = XCBuildConfiguration;
			buildSettings = {
				ALWAYS_SEARCH_USER_PATHS = NO;
				CLANG_ANALYZER_NONNULL = YES;
				CLANG_ANALYZER_NUMBER_OBJECT_CONVERSION = YES_AGGRESSIVE;
				CLANG_CXX_LANGUAGE_STANDARD = "gnu++17";
				CLANG_ENABLE_MODULES = YES;
				CLANG_ENABLE_OBJC_ARC = YES;
				CLANG_ENABLE_OBJC_WEAK = YES;
				CLANG_WARN_BLOCK_CAPTURE_AUTORELEASING = YES;
				CLANG_WARN_BOOL_CONVERSION = YES;
				CLANG_WARN_COMMA = YES;
				CLANG_WARN_CONSTANT_CONVERSION = YES;
				CLANG_WARN_DEPRECATED_OBJC_IMPLEMENTATIONS = YES;
				CLANG_WARN_DIRECT_OBJC_ISA_USAGE = YES_ERROR;
				CLANG_WARN_DOCUMENTATION_COMMENTS = YES;
				CLANG_WARN_EMPTY_BODY = YES;
				CLANG_WARN_ENUM_CONVERSION = YES;
				CLANG_WARN_INFINITE_RECURSION = YES;
				CLANG_WARN_INT_CONVERSION = YES;
				CLANG_WARN_NON_LITERAL_NULL_CONVERSION = YES;
				CLANG_WARN_OBJC_IMPLICIT_RETAIN_SELF = YES;
				CLANG_WARN_OBJC_LITERAL_CONVERSION = YES;
				CLANG_WARN_OBJC_ROOT_CLASS = YES_ERROR;
				CLANG_WARN_QUOTED_INCLUDE_IN_FRAMEWORK_HEADER = YES;
				CLANG_WARN_RANGE_LOOP_ANALYSIS = YES;
				CLANG_WARN_STRICT_PROTOTYPES = YES;
				CLANG_WARN_SUSPICIOUS_MOVE = YES;
				CLANG_WARN_UNGUARDED_AVAILABILITY = YES_AGGRESSIVE;
				CLANG_WARN_UNREACHABLE_CODE = YES;
				CLANG_WARN__DUPLICATE_METHOD_MATCH = YES;
				COPY_PHASE_STRIP = NO;
				DEBUG_INFORMATION_FORMAT = "dwarf-with-dsym";
				ENABLE_NS_ASSERTIONS = NO;
				ENABLE_STRICT_OBJC_MSGSEND = YES;
				GCC_C_LANGUAGE_STANDARD = gnu11;
				GCC_NO_COMMON_BLOCKS = YES;
				GCC_WARN_64_TO_32_BIT_CONVERSION = YES;
				GCC_WARN_ABOUT_RETURN_TYPE = YES_ERROR;
				GCC_WARN_UNDECLARED_SELECTOR = YES;
				GCC_WARN_UNINITIALIZED_AUTOS = YES_AGGRESSIVE;
				GCC_WARN_UNUSED_FUNCTION = YES;
				GCC_WARN_UNUSED_VARIABLE = YES;
				IPHONEOS_DEPLOYMENT_TARGET = 15.4;
				MTL_ENABLE_DEBUG_INFO = NO;
				MTL_FAST_MATH = YES;
				SDKROOT = iphoneos;
				SWIFT_COMPILATION_MODE = wholemodule;
				SWIFT_OPTIMIZATION_LEVEL = "-O";
				VALIDATE_PRODUCT = YES;
			};
			name = Release;
		};
		EF9DAA4928C08FEA008AA02C /* Debug */ = {
			isa = XCBuildConfiguration;
			buildSettings = {
				ASSETCATALOG_COMPILER_APPICON_NAME = AppIcon;
				ASSETCATALOG_COMPILER_GLOBAL_ACCENT_COLOR_NAME = AccentColor;
				CODE_SIGN_STYLE = Automatic;
				CURRENT_PROJECT_VERSION = 1;
				DEVELOPMENT_TEAM = 8683DU5JVT;
				GENERATE_INFOPLIST_FILE = YES;
				INFOPLIST_FILE = Project38/Info.plist;
				INFOPLIST_KEY_UIApplicationSupportsIndirectInputEvents = YES;
				INFOPLIST_KEY_UILaunchStoryboardName = LaunchScreen;
				INFOPLIST_KEY_UIMainStoryboardFile = Main;
				INFOPLIST_KEY_UISupportedInterfaceOrientations_iPad = "UIInterfaceOrientationPortrait UIInterfaceOrientationPortraitUpsideDown UIInterfaceOrientationLandscapeLeft UIInterfaceOrientationLandscapeRight";
				INFOPLIST_KEY_UISupportedInterfaceOrientations_iPhone = "UIInterfaceOrientationPortrait UIInterfaceOrientationLandscapeLeft UIInterfaceOrientationLandscapeRight";
				LD_RUNPATH_SEARCH_PATHS = (
					"$(inherited)",
					"@executable_path/Frameworks",
				);
				MARKETING_VERSION = 1.0;
				PRODUCT_BUNDLE_IDENTIFIER = study.Project38;
				PRODUCT_NAME = "$(TARGET_NAME)";
				SWIFT_EMIT_LOC_STRINGS = YES;
				SWIFT_VERSION = 5.0;
				TARGETED_DEVICE_FAMILY = "1,2";
			};
			name = Debug;
		};
		EF9DAA4A28C08FEA008AA02C /* Release */ = {
			isa = XCBuildConfiguration;
			buildSettings = {
				ASSETCATALOG_COMPILER_APPICON_NAME = AppIcon;
				ASSETCATALOG_COMPILER_GLOBAL_ACCENT_COLOR_NAME = AccentColor;
				CODE_SIGN_STYLE = Automatic;
				CURRENT_PROJECT_VERSION = 1;
				DEVELOPMENT_TEAM = 8683DU5JVT;
				GENERATE_INFOPLIST_FILE = YES;
				INFOPLIST_FILE = Project38/Info.plist;
				INFOPLIST_KEY_UIApplicationSupportsIndirectInputEvents = YES;
				INFOPLIST_KEY_UILaunchStoryboardName = LaunchScreen;
				INFOPLIST_KEY_UIMainStoryboardFile = Main;
				INFOPLIST_KEY_UISupportedInterfaceOrientations_iPad = "UIInterfaceOrientationPortrait UIInterfaceOrientationPortraitUpsideDown UIInterfaceOrientationLandscapeLeft UIInterfaceOrientationLandscapeRight";
				INFOPLIST_KEY_UISupportedInterfaceOrientations_iPhone = "UIInterfaceOrientationPortrait UIInterfaceOrientationLandscapeLeft UIInterfaceOrientationLandscapeRight";
				LD_RUNPATH_SEARCH_PATHS = (
					"$(inherited)",
					"@executable_path/Frameworks",
				);
				MARKETING_VERSION = 1.0;
				PRODUCT_BUNDLE_IDENTIFIER = study.Project38;
				PRODUCT_NAME = "$(TARGET_NAME)";
				SWIFT_EMIT_LOC_STRINGS = YES;
				SWIFT_VERSION = 5.0;
				TARGETED_DEVICE_FAMILY = "1,2";
			};
			name = Release;
		};
/* End XCBuildConfiguration section */

/* Begin XCConfigurationList section */
		EF9DAA2F28C08FE5008AA02C /* Build configuration list for PBXProject "Project38" */ = {
			isa = XCConfigurationList;
			buildConfigurations = (
				EF9DAA4628C08FEA008AA02C /* Debug */,
				EF9DAA4728C08FEA008AA02C /* Release */,
			);
			defaultConfigurationIsVisible = 0;
			defaultConfigurationName = Release;
		};
		EF9DAA4828C08FEA008AA02C /* Build configuration list for PBXNativeTarget "Project38" */ = {
			isa = XCConfigurationList;
			buildConfigurations = (
				EF9DAA4928C08FEA008AA02C /* Debug */,
				EF9DAA4A28C08FEA008AA02C /* Release */,
			);
			defaultConfigurationIsVisible = 0;
			defaultConfigurationName = Release;
		};
/* End XCConfigurationList section */

/* Begin XCVersionGroup section */
		EF9DAA4F28C0949B008AA02C /* Project38.xcdatamodeld */ = {
			isa = XCVersionGroup;
			children = (
				EF9DAA5028C0949B008AA02C /* Project38.xcdatamodel */,
			);
			currentVersion = EF9DAA5028C0949B008AA02C /* Project38.xcdatamodel */;
			path = Project38.xcdatamodeld;
			sourceTree = "<group>";
			versionGroupType = wrapper.xcdatamodel;
		};
/* End XCVersionGroup section */
	};
	rootObject = EF9DAA2C28C08FE5008AA02C /* Project object */;
}
